
Microsoft Visual Studio Solution File, Format Version 12.00
# Visual Studio 11
Project("{8BC9CEB8-8B4A-11D0-8D11-00A0C91BC942}") = "core", "core\musaceae.vcxproj", "{9C2A1427-ABE9-CD44-3FDC-E937D0EEAD1B}"
EndProject
Project("{2150E333-8FDC-42A3-9474-1A3956D46DE8}") = "Solution Items", "Solution Items", "{97FD4DBD-D235-4A74-9026-AEB61AEA7AAB}"
	ProjectSection(SolutionItems) = preProject
		TODO.txt = TODO.txt
	EndProjectSection
EndProject
Project("{8BC9CEB8-8B4A-11D0-8D11-00A0C91BC942}") = "balls", "balls\balls.vcxproj", "{0B618313-B996-1041-5BC5-E8F880CE02A0}"
	ProjectSection(ProjectDependencies) = postProject
		{9C2A1427-ABE9-CD44-3FDC-E937D0EEAD1B} = {9C2A1427-ABE9-CD44-3FDC-E937D0EEAD1B}
	EndProjectSection
EndProject
Global
	GlobalSection(SolutionConfigurationPlatforms) = preSolution
		Debug|Win32 = Debug|Win32
		Release|Win32 = Release|Win32
	EndGlobalSection
	GlobalSection(ProjectConfigurationPlatforms) = postSolution
		{0B618313-B996-1041-5BC5-E8F880CE02A0}.Debug|Win32.ActiveCfg = Debug|Win32
		{0B618313-B996-1041-5BC5-E8F880CE02A0}.Debug|Win32.Build.0 = Debug|Win32
		{0B618313-B996-1041-5BC5-E8F880CE02A0}.Release|Win32.ActiveCfg = Release|Win32
		{0B618313-B996-1041-5BC5-E8F880CE02A0}.Release|Win32.Build.0 = Release|Win32
		{9C2A1427-ABE9-CD44-3FDC-E937D0EEAD1B}.Debug|Win32.ActiveCfg = Debug|Win32
		{9C2A1427-ABE9-CD44-3FDC-E937D0EEAD1B}.Debug|Win32.Build.0 = Debug|Win32
		{9C2A1427-ABE9-CD44-3FDC-E937D0EEAD1B}.Release|Win32.ActiveCfg = Release|Win32
		{9C2A1427-ABE9-CD44-3FDC-E937D0EEAD1B}.Release|Win32.Build.0 = Release|Win32
	EndGlobalSection
	GlobalSection(SolutionProperties) = preSolution
		HideSolutionNode = FALSE
	EndGlobalSection
	GlobalSection(Performance) = preSolution
		HasPerformanceSessions = true
	EndGlobalSection
EndGlobal
