<?xml version="1.0" encoding="utf-8"?>
<Project ToolsVersion="4.0" xmlns="http://schemas.microsoft.com/developer/msbuild/2003">
  <ItemGroup>
    <Filter Include="components">
      <UniqueIdentifier>{926bc86f-f241-4ac3-b7c6-daa5c1cebee3}</UniqueIdentifier>
    </Filter>
    <Filter Include="core">
      <UniqueIdentifier>{9a905454-5185-484e-a1e9-0842522bfb14}</UniqueIdentifier>
    </Filter>
    <Filter Include="entities">
      <UniqueIdentifier>{b36a1366-33bd-4cef-bac0-c28d33e82877}</UniqueIdentifier>
    </Filter>
    <Filter Include="systems">
      <UniqueIdentifier>{265dfbce-b1b8-45e7-bee8-e429a37f8065}</UniqueIdentifier>
    </Filter>
    <Filter Include="systems\Display">
      <UniqueIdentifier>{56188b5f-4184-460d-9c83-260583495db6}</UniqueIdentifier>
    </Filter>
    <Filter Include="systems\Control">
      <UniqueIdentifier>{b0093f0d-7b5f-4487-95e4-af307e0c6939}</UniqueIdentifier>
    </Filter>
    <Filter Include="systems\Collisions">
      <UniqueIdentifier>{a31ff245-213e-4a80-b45c-533213b462c8}</UniqueIdentifier>
    </Filter>
    <Filter Include="systems\Movement">
      <UniqueIdentifier>{1ce3cfdb-1481-4ef4-977c-3039dbfc85ef}</UniqueIdentifier>
    </Filter>
  </ItemGroup>
  <ItemGroup>
    <ClCompile Include="systems\collision\RectIntersectionDetector.cpp">
      <Filter>systems\Collisions</Filter>
    </ClCompile>
    <ClCompile Include="systems\ControlSystem.cpp">
      <Filter>systems\Control</Filter>
    </ClCompile>
    <ClCompile Include="GameState.cpp" />
    <ClCompile Include="systems\ui\UISystemImpl.cpp" />
    <ClCompile Include="systems\render\GLImmediateRenderer.cpp" />
    <ClCompile Include="systems\MotionSystem.cpp">
      <Filter>systems\Movement</Filter>
    </ClCompile>
    <ClCompile Include="geometry\PrimitiveFactory.cpp" />
    <ClCompile Include="geometry\FVMesh.cpp" />
    <ClCompile Include="geometry\SpriteMesh.cpp" />
    <ClCompile Include="systems\EntityManagingSystemBase.cpp" />
    <ClCompile Include="systems\RenderSystem.cpp">
      <Filter>systems\Display</Filter>
    </ClCompile>
    <ClCompile Include="systems\UISystem.cpp">
      <Filter>systems\Display</Filter>
    </ClCompile>
    <ClCompile Include="systems\CollisionSystem.cpp">
      <Filter>systems\Collisions</Filter>
    </ClCompile>
    <ClCompile Include="Engine.cpp" />
    <ClCompile Include="ResourceManager.cpp" />
    <ClCompile Include="systems\collision\AABBDetector.cpp" />
    <ClCompile Include="core\box6.cpp" />
    <ClCompile Include="archetypes\Camera2D.cpp" />
    <ClCompile Include="archetypes\Camera3D.cpp" />
    <ClCompile Include="archetypes\PresetArchetype.cpp" />
    <ClCompile Include="systems\ThreadedSystemBase.cpp" />
    <ClCompile Include="systems\render\scene\LambdaWalker.cpp" />
    <ClCompile Include="systems\render\scene\SceneGraph.cpp" />
    <ClCompile Include="components\CTransform.cpp" />
    <ClCompile Include="core\constants.cpp" />
    <ClCompile Include="core\to_string.cpp" />
    <ClCompile Include="core\core.cpp" />
    <ClCompile Include="windows\MicrosoftPlatform.cpp" />
    <ClCompile Include="sdl\SDLPlatformBase.cpp" />
    <ClCompile Include="windows\main.cpp" />
    <ClCompile Include="framework\AutonomousEntity.cpp" />
    <ClCompile Include="framework\ManagedEntity.cpp" />
    <ClCompile Include="framework\ManagedEntityFactory.cpp" />
    <ClCompile Include="framework\AutonomousEntityFactory.cpp" />
  </ItemGroup>
  <ItemGroup>
    <ClInclude Include="components.h">
      <Filter>components</Filter>
    </ClInclude>
    <ClInclude Include="core.h">
      <Filter>core</Filter>
    </ClInclude>
    <ClInclude Include="components\CLabel.h">
      <Filter>components</Filter>
    </ClInclude>
    <ClInclude Include="systems.h" />
    <ClInclude Include="core\identifiable.h">
      <Filter>core</Filter>
    </ClInclude>
    <ClInclude Include="systems\collision\ICollisionDetector.h">
      <Filter>systems\Collisions</Filter>
    </ClInclude>
    <ClInclude Include="systems\collision\RectIntersectionDetector.h">
      <Filter>systems\Collisions</Filter>
    </ClInclude>
    <ClInclude Include="gl\IDrawable.h" />
    <ClInclude Include="systems\ControlSystem.h">
      <Filter>systems\Control</Filter>
    </ClInclude>
    <ClInclude Include="GameState.h" />
    <ClInclude Include="systems\ui\UISystemImpl.h" />
    <ClInclude Include="systems\render\GLImmediateRenderer.h" />
    <ClInclude Include="components\CVelocity.h">
      <Filter>components</Filter>
    </ClInclude>
    <ClInclude Include="components\CPhysics.h">
      <Filter>components</Filter>
    </ClInclude>
    <ClInclude Include="geometry\IRenderer.h" />
    <ClInclude Include="geometry\FVMesh.h" />
    <ClInclude Include="geometry.h" />
    <ClInclude Include="systems\MotionSystem.h">
      <Filter>systems\Movement</Filter>
    </ClInclude>
    <ClInclude Include="components\CAcceleration.h" />
    <ClInclude Include="geometry\PrimitiveFactory.h" />
    <ClInclude Include="core\typedefs.h" />
    <ClInclude Include="geometry\IMaterial.h" />
    <ClInclude Include="geometry\SpriteMesh.h" />
    <ClInclude Include="geometry\SolidColourBrush.h" />
    <ClInclude Include="systems\EntityManagingSystemBase.h" />
    <ClInclude Include="systems\RenderSystem.h">
      <Filter>systems\Display</Filter>
    </ClInclude>
    <ClInclude Include="systems\UISystem.h">
      <Filter>systems\Display</Filter>
    </ClInclude>
    <ClInclude Include="systems\CollisionSystem.h">
      <Filter>systems\Collisions</Filter>
    </ClInclude>
    <ClInclude Include="Engine.h" />
    <ClInclude Include="ResourceManager.h" />
    <ClInclude Include="geometry\OrthographicCamera.h" />
    <ClInclude Include="geometry\PerspectiveCamera.h" />
    <ClInclude Include="geometry\ScaleMethod.h" />
    <ClInclude Include="systems\collision\AABBDetector.h" />
    <ClInclude Include="Settings.h" />
    <ClInclude Include="windows\msvc.h" />
    <ClInclude Include="core\rect4.h">
      <Filter>core</Filter>
    </ClInclude>
    <ClInclude Include="core\box6.h" />
    <ClInclude Include="components\CInput.h" />
    <ClInclude Include="archetypes\Camera2D.h" />
    <ClInclude Include="archetypes\Camera3D.h" />
    <ClInclude Include="archetypes.h" />
    <ClInclude Include="archetypes\PresetArchetype.h" />
    <ClInclude Include="core\misc.h" />
    <ClInclude Include="systems\ThreadedSystemBase.h" />
    <ClInclude Include="systems\render\scene\BranchNode.h" />
    <ClInclude Include="systems\render\scene\IGraphNode.h" />
    <ClInclude Include="systems\render\scene\IGraphWalker.h" />
    <ClInclude Include="systems\render\scene\LambdaWalker.h" />
    <ClInclude Include="systems\render\scene\LeafNode.h" />
    <ClInclude Include="systems\render\scene.h" />
    <ClInclude Include="systems\render\scene\SceneGraph.h" />
    <ClInclude Include="geometry\IRenderable.h" />
    <ClInclude Include="systems\render\scene\RootNode.h" />
    <ClInclude Include="components\CTransform.h">
      <Filter>components</Filter>
    </ClInclude>
    <ClInclude Include="components\CRenderable.h" />
    <ClInclude Include="core\constants.h" />
    <ClInclude Include="core\to_string.h" />
    <ClInclude Include="windows\MicrosoftPlatform.h" />
    <ClInclude Include="sdl\SDLPlatformBase.h" />
    <ClInclude Include="framework\AutonomousEntity.h" />
    <ClInclude Include="framework\IArchetype.h" />
    <ClInclude Include="framework\IComponent.h">
      <Filter>components</Filter>
    </ClInclude>
    <ClInclude Include="framework\IComponentManager.h" />
    <ClInclude Include="framework\IEntity.h">
      <Filter>entities</Filter>
    </ClInclude>
    <ClInclude Include="framework\IEvent.h" />
    <ClInclude Include="framework\IPlatform.h" />
    <ClInclude Include="framework\ISystem.h">
      <Filter>systems</Filter>
    </ClInclude>
    <ClInclude Include="framework\ManagedEntity.h" />
    <ClInclude Include="framework\ManagedEntityFactory.h" />
    <ClInclude Include="framework\Identifiable.h" />
    <ClInclude Include="framework\IEntityFactory.h" />
    <ClInclude Include="framework\AutonomousEntityFactory.h" />
  </ItemGroup>
</Project>