<?xml version="1.0" encoding="utf-8"?>
<Project ToolsVersion="4.0" xmlns="http://schemas.microsoft.com/developer/msbuild/2003">
  <ItemGroup>
    <Filter Include="components">
      <UniqueIdentifier>{926bc86f-f241-4ac3-b7c6-daa5c1cebee3}</UniqueIdentifier>
    </Filter>
    <Filter Include="core">
      <UniqueIdentifier>{9a905454-5185-484e-a1e9-0842522bfb14}</UniqueIdentifier>
    </Filter>
    <Filter Include="entities">
      <UniqueIdentifier>{b36a1366-33bd-4cef-bac0-c28d33e82877}</UniqueIdentifier>
    </Filter>
    <Filter Include="systems">
      <UniqueIdentifier>{265dfbce-b1b8-45e7-bee8-e429a37f8065}</UniqueIdentifier>
    </Filter>
    <Filter Include="systems\Display">
      <UniqueIdentifier>{56188b5f-4184-460d-9c83-260583495db6}</UniqueIdentifier>
    </Filter>
    <Filter Include="systems\Control">
      <UniqueIdentifier>{b0093f0d-7b5f-4487-95e4-af307e0c6939}</UniqueIdentifier>
    </Filter>
    <Filter Include="systems\Collisions">
      <UniqueIdentifier>{a31ff245-213e-4a80-b45c-533213b462c8}</UniqueIdentifier>
    </Filter>
    <Filter Include="systems\Movement">
      <UniqueIdentifier>{1ce3cfdb-1481-4ef4-977c-3039dbfc85ef}</UniqueIdentifier>
    </Filter>
  </ItemGroup>
  <ItemGroup>
    <ClCompile Include="World.cpp" />
    <ClCompile Include="core\Color4F.cpp">
      <Filter>core</Filter>
    </ClCompile>
    <ClCompile Include="systems\InputSystem.cpp">
      <Filter>systems\Control</Filter>
    </ClCompile>
    <ClCompile Include="systems\MotionSystem.cpp">
      <Filter>systems\Movement</Filter>
    </ClCompile>
    <ClCompile Include="systems\PhysicsSystem.cpp">
      <Filter>systems\Movement</Filter>
    </ClCompile>
    <ClCompile Include="platform\sfml.cpp" />
    <ClCompile Include="platform\windows.cpp" />
    <ClCompile Include="core\Vector2F.cpp">
      <Filter>core</Filter>
    </ClCompile>
    <ClCompile Include="core\Vector3F.cpp">
      <Filter>core</Filter>
    </ClCompile>
    <ClCompile Include="systems\ISystem.cpp">
      <Filter>systems</Filter>
    </ClCompile>
    <ClCompile Include="entities\Polygon2D.cpp" />
    <ClCompile Include="systems\UISystem.cpp">
      <Filter>systems\Display</Filter>
    </ClCompile>
    <ClCompile Include="systems\RenderSystem.cpp">
      <Filter>systems\Display</Filter>
    </ClCompile>
    <ClCompile Include="systems\collision\CollisionSystem.cpp">
      <Filter>systems\Collisions</Filter>
    </ClCompile>
    <ClCompile Include="systems\collision\RectIntersectionDetector.cpp">
      <Filter>systems\Collisions</Filter>
    </ClCompile>
  </ItemGroup>
  <ItemGroup>
    <ClInclude Include="World.h" />
    <ClInclude Include="components.h">
      <Filter>components</Filter>
    </ClInclude>
    <ClInclude Include="core.h">
      <Filter>core</Filter>
    </ClInclude>
    <ClInclude Include="misc.h" />
    <ClInclude Include="platform.h" />
    <ClInclude Include="components\CPhysics.h">
      <Filter>components</Filter>
    </ClInclude>
    <ClInclude Include="components\CPosition2D.h">
      <Filter>components</Filter>
    </ClInclude>
    <ClInclude Include="components\CShapeGeometry.h">
      <Filter>components</Filter>
    </ClInclude>
    <ClInclude Include="components\CVelocity2D.h">
      <Filter>components</Filter>
    </ClInclude>
    <ClInclude Include="components\CCollision.h">
      <Filter>components</Filter>
    </ClInclude>
    <ClInclude Include="components\CLabel.h">
      <Filter>components</Filter>
    </ClInclude>
    <ClInclude Include="core\Color4F.h">
      <Filter>core</Filter>
    </ClInclude>
    <ClInclude Include="core\Rect4F.h">
      <Filter>core</Filter>
    </ClInclude>
    <ClInclude Include="core\Polygon.h">
      <Filter>core</Filter>
    </ClInclude>
    <ClInclude Include="systems\MotionSystem.h">
      <Filter>systems\Movement</Filter>
    </ClInclude>
    <ClInclude Include="systems\InputSystem.h">
      <Filter>systems\Control</Filter>
    </ClInclude>
    <ClInclude Include="systems.h" />
    <ClInclude Include="entities.h" />
    <ClInclude Include="systems\PhysicsSystem.h">
      <Filter>systems\Movement</Filter>
    </ClInclude>
    <ClInclude Include="core\Vector2F.h">
      <Filter>core</Filter>
    </ClInclude>
    <ClInclude Include="core\Vector3F.h">
      <Filter>core</Filter>
    </ClInclude>
    <ClInclude Include="core\identifiable.h">
      <Filter>core</Filter>
    </ClInclude>
    <ClInclude Include="entities\IEntity.h">
      <Filter>entities</Filter>
    </ClInclude>
    <ClInclude Include="systems\ISystem.h">
      <Filter>systems</Filter>
    </ClInclude>
    <ClInclude Include="entities\Polygon2D.h" />
    <ClInclude Include="components\IComponent.h">
      <Filter>components</Filter>
    </ClInclude>
    <ClInclude Include="systems\UISystem.h">
      <Filter>systems\Display</Filter>
    </ClInclude>
    <ClInclude Include="systems\RenderSystem.h">
      <Filter>systems\Display</Filter>
    </ClInclude>
    <ClInclude Include="systems\collision\ICollisionDetector.h">
      <Filter>systems\Collisions</Filter>
    </ClInclude>
    <ClInclude Include="systems\collision\RectIntersectionDetector.h">
      <Filter>systems\Collisions</Filter>
    </ClInclude>
    <ClInclude Include="systems\collision\CollisionSystem.h">
      <Filter>systems\Collisions</Filter>
    </ClInclude>
  </ItemGroup>
</Project>