<?xml version="1.0" encoding="utf-8"?>
<Project ToolsVersion="4.0" xmlns="http://schemas.microsoft.com/developer/msbuild/2003">
  <ItemGroup>
    <ClCompile Include="main.cpp" />
    <ClCompile Include="stdafx.cpp" />
    <ClCompile Include="systems\PadControlSystem.cpp" />
    <ClCompile Include="systems\KBMControlSystem.cpp" />
    <ClCompile Include="components\CKBMInput.cpp" />
    <ClCompile Include="components\CPadInput.cpp" />
    <ClCompile Include="archetypes\Protagonist.cpp" />
  </ItemGroup>
  <ItemGroup>
    <ClInclude Include="stdafx.h" />
    <ClInclude Include="systems.h" />
    <ClInclude Include="systems\PadControlSystem.h" />
    <ClInclude Include="systems\KBMControlSystem.h" />
    <ClInclude Include="components\CKBMInput.h" />
    <ClInclude Include="components\CPadInput.h" />
    <ClInclude Include="components.h" />
    <ClInclude Include="archetypes\Protagonist.h" />
    <ClInclude Include="archetypes.h" />
  </ItemGroup>
</Project>