<?xml version="1.0" encoding="utf-8"?>
<Project ToolsVersion="4.0" xmlns="http://schemas.microsoft.com/developer/msbuild/2003">
  <ItemGroup>
    <ClInclude Include="include\guichan\contrib\sdl\sdltruetypefont.hpp" />
    <ClInclude Include="include\guichan\contrib\widgets\adjustingcontainer.hpp" />
    <ClInclude Include="include\guichan\opengl\openglallegroimageloader.hpp" />
    <ClInclude Include="include\guichan\opengl\openglgraphics.hpp" />
    <ClInclude Include="include\guichan\opengl\openglimage.hpp" />
    <ClInclude Include="include\guichan\opengl\openglsdlimageloader.hpp" />
    <ClInclude Include="include\guichan\sdl\sdlgraphics.hpp" />
    <ClInclude Include="include\guichan\sdl\sdlimage.hpp" />
    <ClInclude Include="include\guichan\sdl\sdlimageloader.hpp" />
    <ClInclude Include="include\guichan\sdl\sdlinput.hpp" />
    <ClInclude Include="include\guichan\sdl\sdlpixel.hpp" />
    <ClInclude Include="include\guichan\widgets\button.hpp" />
    <ClInclude Include="include\guichan\widgets\checkbox.hpp" />
    <ClInclude Include="include\guichan\widgets\container.hpp" />
    <ClInclude Include="include\guichan\widgets\dropdown.hpp" />
    <ClInclude Include="include\guichan\widgets\icon.hpp" />
    <ClInclude Include="include\guichan\widgets\imagebutton.hpp" />
    <ClInclude Include="include\guichan\widgets\label.hpp" />
    <ClInclude Include="include\guichan\widgets\listbox.hpp" />
    <ClInclude Include="include\guichan\widgets\radiobutton.hpp" />
    <ClInclude Include="include\guichan\widgets\scrollarea.hpp" />
    <ClInclude Include="include\guichan\widgets\slider.hpp" />
    <ClInclude Include="include\guichan\widgets\tab.hpp" />
    <ClInclude Include="include\guichan\widgets\tabbedarea.hpp" />
    <ClInclude Include="include\guichan\widgets\textbox.hpp" />
    <ClInclude Include="include\guichan\widgets\textfield.hpp" />
    <ClInclude Include="include\guichan\widgets\window.hpp" />
    <ClInclude Include="include\guichan\actionevent.hpp" />
    <ClInclude Include="include\guichan\actionlistener.hpp" />
    <ClInclude Include="include\guichan\allegro.hpp" />
    <ClInclude Include="include\guichan\basiccontainer.hpp" />
    <ClInclude Include="include\guichan\cliprectangle.hpp" />
    <ClInclude Include="include\guichan\color.hpp" />
    <ClInclude Include="include\guichan\deathlistener.hpp" />
    <ClInclude Include="include\guichan\defaultfont.hpp" />
    <ClInclude Include="include\guichan\event.hpp" />
    <ClInclude Include="include\guichan\exception.hpp" />
    <ClInclude Include="include\guichan\focushandler.hpp" />
    <ClInclude Include="include\guichan\focuslistener.hpp" />
    <ClInclude Include="include\guichan\font.hpp" />
    <ClInclude Include="include\guichan\genericinput.hpp" />
    <ClInclude Include="include\guichan\glut.hpp" />
    <ClInclude Include="include\guichan\graphics.hpp" />
    <ClInclude Include="include\guichan\gui.hpp" />
    <ClInclude Include="include\guichan\hge.hpp" />
    <ClInclude Include="include\guichan\image.hpp" />
    <ClInclude Include="include\guichan\imagefont.hpp" />
    <ClInclude Include="include\guichan\imageloader.hpp" />
    <ClInclude Include="include\guichan\input.hpp" />
    <ClInclude Include="include\guichan\inputevent.hpp" />
    <ClInclude Include="include\guichan\key.hpp" />
    <ClInclude Include="include\guichan\keyevent.hpp" />
    <ClInclude Include="include\guichan\keyinput.hpp" />
    <ClInclude Include="include\guichan\keylistener.hpp" />
    <ClInclude Include="include\guichan\listmodel.hpp" />
    <ClInclude Include="include\guichan\mouseevent.hpp" />
    <ClInclude Include="include\guichan\mouseinput.hpp" />
    <ClInclude Include="include\guichan\mouselistener.hpp" />
    <ClInclude Include="include\guichan\opengl.hpp" />
    <ClInclude Include="include\guichan\openlayer.hpp" />
    <ClInclude Include="include\guichan\platform.hpp" />
    <ClInclude Include="include\guichan\rectangle.hpp" />
    <ClInclude Include="include\guichan\sdl.hpp" />
    <ClInclude Include="include\guichan\selectionevent.hpp" />
    <ClInclude Include="include\guichan\selectionlistener.hpp" />
    <ClInclude Include="include\guichan\widget.hpp" />
    <ClInclude Include="include\guichan\widgetlistener.hpp" />
    <ClInclude Include="include\guichan.hpp" />
  </ItemGroup>
  <ItemGroup>
    <ClCompile Include="src\contrib\sdl\sdltruetypefont.cpp" />
    <ClCompile Include="src\contrib\widgets\adjustingcontainer.cpp" />
    <ClCompile Include="src\opengl\opengl.cpp" />
    <ClCompile Include="src\opengl\openglgraphics.cpp" />
    <ClCompile Include="src\opengl\openglimage.cpp" />
    <ClCompile Include="src\sdl\sdl.cpp" />
    <ClCompile Include="src\sdl\sdlgraphics.cpp" />
    <ClCompile Include="src\sdl\sdlimage.cpp" />
    <ClCompile Include="src\sdl\sdlimageloader.cpp" />
    <ClCompile Include="src\sdl\sdlinput.cpp" />
    <ClCompile Include="src\widgets\button.cpp" />
    <ClCompile Include="src\widgets\checkbox.cpp" />
    <ClCompile Include="src\widgets\container.cpp" />
    <ClCompile Include="src\widgets\dropdown.cpp" />
    <ClCompile Include="src\widgets\icon.cpp" />
    <ClCompile Include="src\widgets\imagebutton.cpp" />
    <ClCompile Include="src\widgets\label.cpp" />
    <ClCompile Include="src\widgets\listbox.cpp" />
    <ClCompile Include="src\widgets\radiobutton.cpp" />
    <ClCompile Include="src\widgets\scrollarea.cpp" />
    <ClCompile Include="src\widgets\slider.cpp" />
    <ClCompile Include="src\widgets\tab.cpp" />
    <ClCompile Include="src\widgets\tabbedarea.cpp" />
    <ClCompile Include="src\widgets\textbox.cpp" />
    <ClCompile Include="src\widgets\textfield.cpp" />
    <ClCompile Include="src\widgets\window.cpp" />
    <ClCompile Include="src\actionevent.cpp" />
    <ClCompile Include="src\basiccontainer.cpp" />
    <ClCompile Include="src\cliprectangle.cpp" />
    <ClCompile Include="src\color.cpp" />
    <ClCompile Include="src\defaultfont.cpp" />
    <ClCompile Include="src\event.cpp" />
    <ClCompile Include="src\exception.cpp" />
    <ClCompile Include="src\focushandler.cpp" />
    <ClCompile Include="src\font.cpp" />
    <ClCompile Include="src\genericinput.cpp" />
    <ClCompile Include="src\graphics.cpp" />
    <ClCompile Include="src\gui.cpp" />
    <ClCompile Include="src\guichan.cpp" />
    <ClCompile Include="src\image.cpp" />
    <ClCompile Include="src\imagefont.cpp" />
    <ClCompile Include="src\inputevent.cpp" />
    <ClCompile Include="src\key.cpp" />
    <ClCompile Include="src\keyevent.cpp" />
    <ClCompile Include="src\keyinput.cpp" />
    <ClCompile Include="src\mouseevent.cpp" />
    <ClCompile Include="src\mouseinput.cpp" />
    <ClCompile Include="src\rectangle.cpp" />
    <ClCompile Include="src\selectionevent.cpp" />
    <ClCompile Include="src\widget.cpp" />
  </ItemGroup>
</Project>