<?xml version="1.0" encoding="utf-8"?>
<Project ToolsVersion="4.0" xmlns="http://schemas.microsoft.com/developer/msbuild/2003">
  <ItemGroup>
    <ClInclude Include="contrib\sdl\sdltruetypefont.hpp" />
    <ClInclude Include="contrib\widgets\adjustingcontainer.hpp" />
    <ClInclude Include="opengl\openglallegroimageloader.hpp" />
    <ClInclude Include="opengl\openglgraphics.hpp" />
    <ClInclude Include="opengl\openglimage.hpp" />
    <ClInclude Include="opengl\openglsdlimageloader.hpp" />
    <ClInclude Include="sdl\sdlgraphics.hpp" />
    <ClInclude Include="sdl\sdlimage.hpp" />
    <ClInclude Include="sdl\sdlimageloader.hpp" />
    <ClInclude Include="sdl\sdlinput.hpp" />
    <ClInclude Include="sdl\sdlpixel.hpp" />
    <ClInclude Include="widgets\button.hpp" />
    <ClInclude Include="widgets\checkbox.hpp" />
    <ClInclude Include="widgets\container.hpp" />
    <ClInclude Include="widgets\dropdown.hpp" />
    <ClInclude Include="widgets\icon.hpp" />
    <ClInclude Include="widgets\imagebutton.hpp" />
    <ClInclude Include="widgets\label.hpp" />
    <ClInclude Include="widgets\listbox.hpp" />
    <ClInclude Include="widgets\radiobutton.hpp" />
    <ClInclude Include="widgets\scrollarea.hpp" />
    <ClInclude Include="widgets\slider.hpp" />
    <ClInclude Include="widgets\tab.hpp" />
    <ClInclude Include="widgets\tabbedarea.hpp" />
    <ClInclude Include="widgets\textbox.hpp" />
    <ClInclude Include="widgets\textfield.hpp" />
    <ClInclude Include="widgets\window.hpp" />
    <ClInclude Include="actionevent.hpp" />
    <ClInclude Include="actionlistener.hpp" />
    <ClInclude Include="allegro.hpp" />
    <ClInclude Include="basiccontainer.hpp" />
    <ClInclude Include="cliprectangle.hpp" />
    <ClInclude Include="color.hpp" />
    <ClInclude Include="deathlistener.hpp" />
    <ClInclude Include="defaultfont.hpp" />
    <ClInclude Include="event.hpp" />
    <ClInclude Include="exception.hpp" />
    <ClInclude Include="focushandler.hpp" />
    <ClInclude Include="focuslistener.hpp" />
    <ClInclude Include="font.hpp" />
    <ClInclude Include="genericinput.hpp" />
    <ClInclude Include="glut.hpp" />
    <ClInclude Include="graphics.hpp" />
    <ClInclude Include="gui.hpp" />
    <ClInclude Include="hge.hpp" />
    <ClInclude Include="image.hpp" />
    <ClInclude Include="imagefont.hpp" />
    <ClInclude Include="imageloader.hpp" />
    <ClInclude Include="input.hpp" />
    <ClInclude Include="inputevent.hpp" />
    <ClInclude Include="key.hpp" />
    <ClInclude Include="keyevent.hpp" />
    <ClInclude Include="keyinput.hpp" />
    <ClInclude Include="keylistener.hpp" />
    <ClInclude Include="listmodel.hpp" />
    <ClInclude Include="mouseevent.hpp" />
    <ClInclude Include="mouseinput.hpp" />
    <ClInclude Include="mouselistener.hpp" />
    <ClInclude Include="opengl.hpp" />
    <ClInclude Include="openlayer.hpp" />
    <ClInclude Include="platform.hpp" />
    <ClInclude Include="rectangle.hpp" />
    <ClInclude Include="sdl.hpp" />
    <ClInclude Include="selectionevent.hpp" />
    <ClInclude Include="selectionlistener.hpp" />
    <ClInclude Include="widget.hpp" />
    <ClInclude Include="widgetlistener.hpp" />
    <ClInclude Include="guichan.hpp" />
  </ItemGroup>
  <ItemGroup>
    <ClCompile Include="src\contrib\sdl\sdltruetypefont.cpp" />
    <ClCompile Include="src\contrib\widgets\adjustingcontainer.cpp" />
    <ClCompile Include="src\opengl\opengl.cpp" />
    <ClCompile Include="src\opengl\openglgraphics.cpp" />
    <ClCompile Include="src\opengl\openglimage.cpp" />
    <ClCompile Include="src\sdl\sdl.cpp" />
    <ClCompile Include="src\sdl\sdlgraphics.cpp" />
    <ClCompile Include="src\sdl\sdlimage.cpp" />
    <ClCompile Include="src\sdl\sdlimageloader.cpp" />
    <ClCompile Include="src\sdl\sdlinput.cpp" />
    <ClCompile Include="src\widgets\button.cpp" />
    <ClCompile Include="src\widgets\checkbox.cpp" />
    <ClCompile Include="src\widgets\container.cpp" />
    <ClCompile Include="src\widgets\dropdown.cpp" />
    <ClCompile Include="src\widgets\icon.cpp" />
    <ClCompile Include="src\widgets\imagebutton.cpp" />
    <ClCompile Include="src\widgets\label.cpp" />
    <ClCompile Include="src\widgets\listbox.cpp" />
    <ClCompile Include="src\widgets\radiobutton.cpp" />
    <ClCompile Include="src\widgets\scrollarea.cpp" />
    <ClCompile Include="src\widgets\slider.cpp" />
    <ClCompile Include="src\widgets\tab.cpp" />
    <ClCompile Include="src\widgets\tabbedarea.cpp" />
    <ClCompile Include="src\widgets\textbox.cpp" />
    <ClCompile Include="src\widgets\textfield.cpp" />
    <ClCompile Include="src\widgets\window.cpp" />
    <ClCompile Include="src\actionevent.cpp" />
    <ClCompile Include="src\basiccontainer.cpp" />
    <ClCompile Include="src\cliprectangle.cpp" />
    <ClCompile Include="src\color.cpp" />
    <ClCompile Include="src\defaultfont.cpp" />
    <ClCompile Include="src\event.cpp" />
    <ClCompile Include="src\exception.cpp" />
    <ClCompile Include="src\focushandler.cpp" />
    <ClCompile Include="src\font.cpp" />
    <ClCompile Include="src\genericinput.cpp" />
    <ClCompile Include="src\graphics.cpp" />
    <ClCompile Include="src\gui.cpp" />
    <ClCompile Include="src\guichan.cpp" />
    <ClCompile Include="src\image.cpp" />
    <ClCompile Include="src\imagefont.cpp" />
    <ClCompile Include="src\inputevent.cpp" />
    <ClCompile Include="src\key.cpp" />
    <ClCompile Include="src\keyevent.cpp" />
    <ClCompile Include="src\keyinput.cpp" />
    <ClCompile Include="src\mouseevent.cpp" />
    <ClCompile Include="src\mouseinput.cpp" />
    <ClCompile Include="src\rectangle.cpp" />
    <ClCompile Include="src\selectionevent.cpp" />
    <ClCompile Include="src\widget.cpp" />
  </ItemGroup>
</Project>