<?xml version="1.0" encoding="utf-8"?>
<Project ToolsVersion="4.0" xmlns="http://schemas.microsoft.com/developer/msbuild/2003">
  <ItemGroup>
    <Filter Include="framework">
      <UniqueIdentifier>{bfa3d7c2-685e-4cb7-872a-3c9b2b85a77d}</UniqueIdentifier>
    </Filter>
    <Filter Include="win">
      <UniqueIdentifier>{1919edd4-d1f0-4be0-968e-75127a0e2c0a}</UniqueIdentifier>
    </Filter>
    <Filter Include="sdl">
      <UniqueIdentifier>{00951623-86a7-435a-b77a-f248869bde82}</UniqueIdentifier>
    </Filter>
  </ItemGroup>
  <ItemGroup>
    <ClCompile Include="GameState.cpp" />
    <ClCompile Include="AssetManager.cpp" />
    <ClCompile Include="framework\AutonomousEntity.cpp">
      <Filter>framework</Filter>
    </ClCompile>
    <ClCompile Include="framework\AutonomousEntityFactory.cpp">
      <Filter>framework</Filter>
    </ClCompile>
    <ClCompile Include="sdl\SDLPlatformBase.cpp">
      <Filter>sdl</Filter>
    </ClCompile>
    <ClCompile Include="windows\main.cpp">
      <Filter>win</Filter>
    </ClCompile>
    <ClCompile Include="windows\MicrosoftPlatform.cpp">
      <Filter>win</Filter>
    </ClCompile>
    <ClCompile Include="framework\ManagedEntity.cpp">
      <Filter>framework</Filter>
    </ClCompile>
    <ClCompile Include="framework\ManagedEntityFactory.cpp">
      <Filter>framework</Filter>
    </ClCompile>
    <ClCompile Include="systems\ControlSystem.cpp" />
    <ClCompile Include="stdafx.cpp" />
    <ClCompile Include="framework\ArchetypeBase.cpp">
      <Filter>framework</Filter>
    </ClCompile>
    <ClCompile Include="framework\EntityManagingSystemBase.cpp" />
    <ClCompile Include="framework\ThreadedSystemBase.cpp" />
    <ClCompile Include="Game.cpp" />
    <ClCompile Include="CustomEngine.cpp" />
    <ClCompile Include="text\stb_truetype.cpp" />
    <ClCompile Include="text\FontManager.cpp" />
    <ClCompile Include="text\utf8.cpp" />
    <ClCompile Include="text\ManagedFont.cpp" />
    <ClCompile Include="input\KeyboardController.cpp" />
    <ClCompile Include="input\MouseController.cpp" />
    <ClCompile Include="GLEngineBase.cpp" />
  </ItemGroup>
  <ItemGroup>
    <ClInclude Include="GameState.h" />
    <ClInclude Include="AssetManager.h" />
    <ClInclude Include="framework.h" />
    <ClInclude Include="framework\IEntity.h">
      <Filter>framework</Filter>
    </ClInclude>
    <ClInclude Include="framework\IEntityFactory.h">
      <Filter>framework</Filter>
    </ClInclude>
    <ClInclude Include="framework\IEvent.h">
      <Filter>framework</Filter>
    </ClInclude>
    <ClInclude Include="framework\ISystem.h">
      <Filter>framework</Filter>
    </ClInclude>
    <ClInclude Include="framework\IComponent.h">
      <Filter>framework</Filter>
    </ClInclude>
    <ClInclude Include="framework\AutonomousEntity.h">
      <Filter>framework</Filter>
    </ClInclude>
    <ClInclude Include="framework\AutonomousEntityFactory.h">
      <Filter>framework</Filter>
    </ClInclude>
    <ClInclude Include="framework\IArchetype.h">
      <Filter>framework</Filter>
    </ClInclude>
    <ClInclude Include="framework\IComponentManager.h">
      <Filter>framework</Filter>
    </ClInclude>
    <ClInclude Include="framework\Identifiable.h">
      <Filter>framework</Filter>
    </ClInclude>
    <ClInclude Include="framework\IPlatform.h">
      <Filter>framework</Filter>
    </ClInclude>
    <ClInclude Include="sdl\SDLPlatformBase.h">
      <Filter>sdl</Filter>
    </ClInclude>
    <ClInclude Include="windows\MicrosoftPlatform.h">
      <Filter>win</Filter>
    </ClInclude>
    <ClInclude Include="framework\ManagedEntityFactory.h">
      <Filter>framework</Filter>
    </ClInclude>
    <ClInclude Include="framework\ManagedEntity.h">
      <Filter>framework</Filter>
    </ClInclude>
    <ClInclude Include="windows\msvc.h">
      <Filter>win</Filter>
    </ClInclude>
    <ClInclude Include="systems\ControlSystem.h" />
    <ClInclude Include="stdafx.h" />
    <ClInclude Include="misc.h">
      <Filter>framework</Filter>
    </ClInclude>
    <ClInclude Include="systems.h" />
    <ClInclude Include="framework\ArchetypeBase.h">
      <Filter>framework</Filter>
    </ClInclude>
    <ClInclude Include="framework\ThreadedSystemBase.h" />
    <ClInclude Include="framework\EntityManagingSystemBase.h" />
    <ClInclude Include="Game.h" />
    <ClInclude Include="IGameEngine.h" />
    <ClInclude Include="GameSettings.h" />
    <ClInclude Include="CustomEngine.h" />
    <ClInclude Include="text\stb_truetype.h" />
    <ClInclude Include="text\FontManager.h" />
    <ClInclude Include="text\utf8.h" />
    <ClInclude Include="text\ManagedFont.h" />
    <ClInclude Include="text\types.h" />
    <ClInclude Include="input\KeyboardController.h" />
    <ClInclude Include="input\MouseController.h" />
    <ClInclude Include="input\IController.h" />
    <ClInclude Include="input.h" />
    <ClInclude Include="GLEngineBase.h" />
  </ItemGroup>
</Project>