<?xml version="1.0" encoding="utf-8"?>
<Project ToolsVersion="4.0" xmlns="http://schemas.microsoft.com/developer/msbuild/2003">
  <ItemGroup>
    <ClInclude Include="components\CPhysics.h" />
    <ClInclude Include="components\CTransform.h" />
    <ClInclude Include="components\CVelocity.h" />
    <ClInclude Include="types\colour.h" />
    <ClInclude Include="types\location.h" />
    <ClInclude Include="types\orientation.h" />
    <ClInclude Include="types.h" />
    <ClInclude Include="components.h" />
    <ClInclude Include="stdafx.h" />
    <ClInclude Include="TileEngine.h" />
    <ClInclude Include="types\tile.h" />
    <ClInclude Include="types\grid.h" />
    <ClInclude Include="systems.h" />
    <ClInclude Include="systems\RenderSystem.h" />
    <ClInclude Include="systems\IBlitter.h" />
    <ClInclude Include="systems\GLBlitSystem.h" />
    <ClInclude Include="systems\UISystem.h" />
    <ClInclude Include="components\CDraw.h" />
    <ClInclude Include="archetypes\Character.h" />
    <ClInclude Include="archetypes.h" />
    <ClInclude Include="components\CKBMInput.h" />
    <ClInclude Include="components\CPadInput.h" />
    <ClInclude Include="systems\KBMControlSystem.h" />
    <ClInclude Include="systems\PadControlSystem.h" />
    <ClInclude Include="archetypes\Protagonist.h" />
  </ItemGroup>
  <ItemGroup>
    <ClCompile Include="types\colour.cpp" />
    <ClCompile Include="types\location.cpp" />
    <ClCompile Include="stdafx.cpp" />
    <ClCompile Include="TileEngine.cpp" />
    <ClCompile Include="types\orientation.cpp" />
    <ClCompile Include="types\grid.cpp" />
    <ClCompile Include="types\tile.cpp" />
    <ClCompile Include="systems\RenderSystem.cpp" />
    <ClCompile Include="systems\GLBlitSystem.cpp" />
    <ClCompile Include="systems\UISystem.cpp" />
    <ClCompile Include="components\CDraw.cpp" />
    <ClCompile Include="components\CPhysics.cpp" />
    <ClCompile Include="components\CTransform.cpp" />
    <ClCompile Include="components\CVelocity.cpp" />
    <ClCompile Include="archetypes\Character.cpp" />
    <ClCompile Include="components\CKBMInput.cpp" />
    <ClCompile Include="components\CPadInput.cpp" />
    <ClCompile Include="systems\KBMControlSystem.cpp" />
    <ClCompile Include="systems\PadControlSystem.cpp" />
    <ClCompile Include="archetypes\Protagonist.cpp" />
  </ItemGroup>
</Project>