// !$*UTF8*$!
{
	archiveVersion = 1;
	classes = {
	};
	objectVersion = 46;
	objects = {

/* Begin PBXBuildFile section */
		E53C77F1161C01E3003CB7D7 /* FVMesh.cpp in Sources */ = {isa = PBXBuildFile; fileRef = E53C77EC161C01E3003CB7D7 /* FVMesh.cpp */; };
		E53C77F2161C01E3003CB7D7 /* PrimitiveFactory.cpp in Sources */ = {isa = PBXBuildFile; fileRef = E53C77ED161C01E3003CB7D7 /* PrimitiveFactory.cpp */; };
		E53C77F3161C01E3003CB7D7 /* PrimitiveFactory.h in Headers */ = {isa = PBXBuildFile; fileRef = E53C77EE161C01E3003CB7D7 /* PrimitiveFactory.h */; };
		E53C77FB161C50E6003CB7D7 /* Box6.h in Headers */ = {isa = PBXBuildFile; fileRef = E53C77F6161C50E6003CB7D7 /* Box6.h */; };
		E53C77FC161C50E6003CB7D7 /* Rect4.h in Headers */ = {isa = PBXBuildFile; fileRef = E53C77F7161C50E6003CB7D7 /* Rect4.h */; };
		E53C77FD161C50E6003CB7D7 /* typedefs.h in Headers */ = {isa = PBXBuildFile; fileRef = E53C77F8161C50E6003CB7D7 /* typedefs.h */; };
		E53C77FE161C50E6003CB7D7 /* Vec2.h in Headers */ = {isa = PBXBuildFile; fileRef = E53C77F9161C50E6003CB7D7 /* Vec2.h */; };
		E53C77FF161C50E6003CB7D7 /* Vec3.h in Headers */ = {isa = PBXBuildFile; fileRef = E53C77FA161C50E6003CB7D7 /* Vec3.h */; };
		E58E5FDE1620657E00EB3F0D /* CollisionSystem.cpp in Sources */ = {isa = PBXBuildFile; fileRef = E58E5FD81620657E00EB3F0D /* CollisionSystem.cpp */; };
		E58E5FDF1620657E00EB3F0D /* CollisionSystem.h in Headers */ = {isa = PBXBuildFile; fileRef = E58E5FD91620657E00EB3F0D /* CollisionSystem.h */; };
		E58E5FE01620657E00EB3F0D /* RenderSystem.cpp in Sources */ = {isa = PBXBuildFile; fileRef = E58E5FDA1620657E00EB3F0D /* RenderSystem.cpp */; };
		E58E5FE11620657E00EB3F0D /* RenderSystem.h in Headers */ = {isa = PBXBuildFile; fileRef = E58E5FDB1620657E00EB3F0D /* RenderSystem.h */; };
		E58E5FE21620657E00EB3F0D /* UISystem.cpp in Sources */ = {isa = PBXBuildFile; fileRef = E58E5FDC1620657E00EB3F0D /* UISystem.cpp */; };
		E58E5FE31620657E00EB3F0D /* UISystem.h in Headers */ = {isa = PBXBuildFile; fileRef = E58E5FDD1620657E00EB3F0D /* UISystem.h */; };
		E58E5FE6162065A300EB3F0D /* scene.h in Headers */ = {isa = PBXBuildFile; fileRef = E58E5FE5162065A300EB3F0D /* scene.h */; };
		E58E5FF7162065B800EB3F0D /* BranchNode.cpp in Sources */ = {isa = PBXBuildFile; fileRef = E58E5FE9162065B800EB3F0D /* BranchNode.cpp */; };
		E58E5FF8162065B800EB3F0D /* BranchNode.h in Headers */ = {isa = PBXBuildFile; fileRef = E58E5FEA162065B800EB3F0D /* BranchNode.h */; };
		E58E5FF9162065B800EB3F0D /* EntityGraph.cpp in Sources */ = {isa = PBXBuildFile; fileRef = E58E5FEB162065B800EB3F0D /* EntityGraph.cpp */; };
		E58E5FFA162065B800EB3F0D /* EntityGraph.h in Headers */ = {isa = PBXBuildFile; fileRef = E58E5FEC162065B800EB3F0D /* EntityGraph.h */; };
		E58E5FFB162065B800EB3F0D /* IGraphNode.cpp in Sources */ = {isa = PBXBuildFile; fileRef = E58E5FED162065B800EB3F0D /* IGraphNode.cpp */; };
		E58E5FFC162065B800EB3F0D /* IGraphNode.h in Headers */ = {isa = PBXBuildFile; fileRef = E58E5FEE162065B800EB3F0D /* IGraphNode.h */; };
		E58E5FFD162065B800EB3F0D /* IGraphWalker.cpp in Sources */ = {isa = PBXBuildFile; fileRef = E58E5FEF162065B800EB3F0D /* IGraphWalker.cpp */; };
		E58E5FFE162065B800EB3F0D /* IGraphWalker.h in Headers */ = {isa = PBXBuildFile; fileRef = E58E5FF0162065B800EB3F0D /* IGraphWalker.h */; };
		E58E5FFF162065B800EB3F0D /* LambdaWalker.cpp in Sources */ = {isa = PBXBuildFile; fileRef = E58E5FF1162065B800EB3F0D /* LambdaWalker.cpp */; };
		E58E6000162065B800EB3F0D /* LambdaWalker.h in Headers */ = {isa = PBXBuildFile; fileRef = E58E5FF2162065B800EB3F0D /* LambdaWalker.h */; };
		E58E6001162065B800EB3F0D /* LeafNode.cpp in Sources */ = {isa = PBXBuildFile; fileRef = E58E5FF3162065B800EB3F0D /* LeafNode.cpp */; };
		E58E6002162065B800EB3F0D /* LeafNode.h in Headers */ = {isa = PBXBuildFile; fileRef = E58E5FF4162065B800EB3F0D /* LeafNode.h */; };
		E58E6003162065B800EB3F0D /* RootNode.cpp in Sources */ = {isa = PBXBuildFile; fileRef = E58E5FF5162065B800EB3F0D /* RootNode.cpp */; };
		E58E6004162065B800EB3F0D /* RootNode.h in Headers */ = {isa = PBXBuildFile; fileRef = E58E5FF6162065B800EB3F0D /* RootNode.h */; };
		E58E6007162065C900EB3F0D /* Engine.cpp in Sources */ = {isa = PBXBuildFile; fileRef = E58E6005162065C900EB3F0D /* Engine.cpp */; };
		E58E6008162065C900EB3F0D /* Engine.h in Headers */ = {isa = PBXBuildFile; fileRef = E58E6006162065C900EB3F0D /* Engine.h */; };
		E58E600B162065D400EB3F0D /* Colour4F.cpp in Sources */ = {isa = PBXBuildFile; fileRef = E58E6009162065D400EB3F0D /* Colour4F.cpp */; };
		E58E600C162065D400EB3F0D /* Colour4F.h in Headers */ = {isa = PBXBuildFile; fileRef = E58E600A162065D400EB3F0D /* Colour4F.h */; };
		E58E6011162065ED00EB3F0D /* IMaterial.h in Headers */ = {isa = PBXBuildFile; fileRef = E58E600D162065ED00EB3F0D /* IMaterial.h */; };
		E58E6012162065ED00EB3F0D /* SolidColourBrush.h in Headers */ = {isa = PBXBuildFile; fileRef = E58E600E162065ED00EB3F0D /* SolidColourBrush.h */; };
		E58E6013162065ED00EB3F0D /* SpriteMesh.cpp in Sources */ = {isa = PBXBuildFile; fileRef = E58E600F162065ED00EB3F0D /* SpriteMesh.cpp */; };
		E58E6014162065ED00EB3F0D /* SpriteMesh.h in Headers */ = {isa = PBXBuildFile; fileRef = E58E6010162065ED00EB3F0D /* SpriteMesh.h */; };
		E58E60161620673D00EB3F0D /* platform.h in Headers */ = {isa = PBXBuildFile; fileRef = E58E60151620673D00EB3F0D /* platform.h */; };
		E58E6018162069EB00EB3F0D /* IEntity.cpp in Sources */ = {isa = PBXBuildFile; fileRef = E58E6017162069EB00EB3F0D /* IEntity.cpp */; };
		E58E601B162069F300EB3F0D /* EntityManagingSystemBase.cpp in Sources */ = {isa = PBXBuildFile; fileRef = E58E6019162069F300EB3F0D /* EntityManagingSystemBase.cpp */; };
		E58E601C162069F300EB3F0D /* EntityManagingSystemBase.h in Headers */ = {isa = PBXBuildFile; fileRef = E58E601A162069F300EB3F0D /* EntityManagingSystemBase.h */; };
		E58E601F1620B5C300EB3F0D /* ResourceManager.cpp in Sources */ = {isa = PBXBuildFile; fileRef = E58E601D1620B5C300EB3F0D /* ResourceManager.cpp */; };
		E58E60201620B5C300EB3F0D /* ResourceManager.h in Headers */ = {isa = PBXBuildFile; fileRef = E58E601E1620B5C300EB3F0D /* ResourceManager.h */; };
		E59A765016296B3D00AE0CB0 /* AABBDetector.cpp in Sources */ = {isa = PBXBuildFile; fileRef = E59A764E16296B3D00AE0CB0 /* AABBDetector.cpp */; };
		E59A765116296B3D00AE0CB0 /* AABBDetector.h in Headers */ = {isa = PBXBuildFile; fileRef = E59A764F16296B3D00AE0CB0 /* AABBDetector.h */; };
		E59A765516296B7500AE0CB0 /* IModel.h in Headers */ = {isa = PBXBuildFile; fileRef = E59A765316296B7500AE0CB0 /* IModel.h */; };
		E59A765616296B7500AE0CB0 /* ITransform.h in Headers */ = {isa = PBXBuildFile; fileRef = E59A765416296B7500AE0CB0 /* ITransform.h */; };
		E59A765916296B7E00AE0CB0 /* OrthographicCamera.h in Headers */ = {isa = PBXBuildFile; fileRef = E59A765716296B7E00AE0CB0 /* OrthographicCamera.h */; };
		E59A765A16296B7E00AE0CB0 /* PerspectiveCamera.h in Headers */ = {isa = PBXBuildFile; fileRef = E59A765816296B7E00AE0CB0 /* PerspectiveCamera.h */; };
		E59A766116296B9400AE0CB0 /* Camera2D.cpp in Sources */ = {isa = PBXBuildFile; fileRef = E59A765B16296B9400AE0CB0 /* Camera2D.cpp */; };
		E59A766216296B9400AE0CB0 /* Camera2D.h in Headers */ = {isa = PBXBuildFile; fileRef = E59A765C16296B9400AE0CB0 /* Camera2D.h */; };
		E59A766316296B9400AE0CB0 /* Camera3D.cpp in Sources */ = {isa = PBXBuildFile; fileRef = E59A765D16296B9400AE0CB0 /* Camera3D.cpp */; };
		E59A766416296B9400AE0CB0 /* Camera3D.h in Headers */ = {isa = PBXBuildFile; fileRef = E59A765E16296B9400AE0CB0 /* Camera3D.h */; };
		E59A766516296B9400AE0CB0 /* DataDrivenEntity.cpp in Sources */ = {isa = PBXBuildFile; fileRef = E59A765F16296B9400AE0CB0 /* DataDrivenEntity.cpp */; };
		E59A766616296B9400AE0CB0 /* DataDrivenEntity.h in Headers */ = {isa = PBXBuildFile; fileRef = E59A766016296B9400AE0CB0 /* DataDrivenEntity.h */; };
		E59A766816296B9B00AE0CB0 /* Settings.h in Headers */ = {isa = PBXBuildFile; fileRef = E59A766716296B9A00AE0CB0 /* Settings.h */; };
		E5A63C111618492B0007CDB1 /* SDLMain.m in Sources */ = {isa = PBXBuildFile; fileRef = E5A63C0F1618492B0007CDB1 /* SDLMain.m */; };
		E5BE5C7C161862440095BE77 /* RectIntersectionDetector.cpp in Sources */ = {isa = PBXBuildFile; fileRef = E5DDE4CD16182B7A008179BF /* RectIntersectionDetector.cpp */; };
		E5BE5C7E161863A60095BE77 /* SDLApplication.h in Headers */ = {isa = PBXBuildFile; fileRef = E5BE5C7D161863A60095BE77 /* SDLApplication.h */; };
		E5BE5C80161864060095BE77 /* SDLApplication.m in Sources */ = {isa = PBXBuildFile; fileRef = E5BE5C7F161864060095BE77 /* SDLApplication.m */; };
		E5BE5C82161864350095BE77 /* NSString_ReplaceSubString.h in Headers */ = {isa = PBXBuildFile; fileRef = E5BE5C81161864350095BE77 /* NSString_ReplaceSubString.h */; };
		E5DDE53A16183230008179BF /* GameState.cpp in Sources */ = {isa = PBXBuildFile; fileRef = E5DDE4BB16182B7A008179BF /* GameState.cpp */; };
		E5DDE54216183230008179BF /* UISystemImpl.cpp in Sources */ = {isa = PBXBuildFile; fileRef = E5DDE4DC16182B7A008179BF /* UISystemImpl.cpp */; };
		E5EE0E1E161A3254008B9D2E /* CAcceleration.h in Headers */ = {isa = PBXBuildFile; fileRef = E5EE0E16161A3254008B9D2E /* CAcceleration.h */; };
		E5EE0E1F161A3254008B9D2E /* CBrush.h in Headers */ = {isa = PBXBuildFile; fileRef = E5EE0E17161A3254008B9D2E /* CBrush.h */; };
		E5EE0E20161A3254008B9D2E /* CExtents.h in Headers */ = {isa = PBXBuildFile; fileRef = E5EE0E18161A3254008B9D2E /* CExtents.h */; };
		E5EE0E21161A3254008B9D2E /* CLabel.h in Headers */ = {isa = PBXBuildFile; fileRef = E5EE0E19161A3254008B9D2E /* CLabel.h */; };
		E5EE0E22161A3254008B9D2E /* CMesh.h in Headers */ = {isa = PBXBuildFile; fileRef = E5EE0E1A161A3254008B9D2E /* CMesh.h */; };
		E5EE0E23161A3254008B9D2E /* CPhysics.h in Headers */ = {isa = PBXBuildFile; fileRef = E5EE0E1B161A3254008B9D2E /* CPhysics.h */; };
		E5EE0E24161A3254008B9D2E /* CPosition.h in Headers */ = {isa = PBXBuildFile; fileRef = E5EE0E1C161A3254008B9D2E /* CPosition.h */; };
		E5EE0E25161A3254008B9D2E /* CVelocity.h in Headers */ = {isa = PBXBuildFile; fileRef = E5EE0E1D161A3254008B9D2E /* CVelocity.h */; };
		E5EE0EE4161A328F008B9D2E /* IComponent.h in Headers */ = {isa = PBXBuildFile; fileRef = E5EE0ED6161A328F008B9D2E /* IComponent.h */; };
		E5EE0EE5161A328F008B9D2E /* Identified.h in Headers */ = {isa = PBXBuildFile; fileRef = E5EE0ED7161A328F008B9D2E /* Identified.h */; };
		E5EE0EE6161A328F008B9D2E /* IEntity.h in Headers */ = {isa = PBXBuildFile; fileRef = E5EE0ED8161A328F008B9D2E /* IEntity.h */; };
		E5EE0EE7161A328F008B9D2E /* ISystem.cpp in Sources */ = {isa = PBXBuildFile; fileRef = E5EE0ED9161A328F008B9D2E /* ISystem.cpp */; };
		E5EE0EE8161A328F008B9D2E /* ISystem.h in Headers */ = {isa = PBXBuildFile; fileRef = E5EE0EDA161A328F008B9D2E /* ISystem.h */; };
		E5EE0EF1161A32A0008B9D2E /* DataDrivenEntity.cpp in Sources */ = {isa = PBXBuildFile; fileRef = E5EE0EEF161A32A0008B9D2E /* DataDrivenEntity.cpp */; };
		E5EE0EF2161A32A0008B9D2E /* DataDrivenEntity.h in Headers */ = {isa = PBXBuildFile; fileRef = E5EE0EF0161A32A0008B9D2E /* DataDrivenEntity.h */; };
		E5EE0EFE161A32AF008B9D2E /* FVMesh.h in Headers */ = {isa = PBXBuildFile; fileRef = E5EE0EF5161A32AF008B9D2E /* FVMesh.h */; };
		E5EE0F02161A32AF008B9D2E /* IRenderer.h in Headers */ = {isa = PBXBuildFile; fileRef = E5EE0EF9161A32AF008B9D2E /* IRenderer.h */; };
		E5EE0F07161A32BA008B9D2E /* geometry.h in Headers */ = {isa = PBXBuildFile; fileRef = E5EE0F06161A32BA008B9D2E /* geometry.h */; };
		E5EE0F1A161A32DB008B9D2E /* ControlSystem.cpp in Sources */ = {isa = PBXBuildFile; fileRef = E5EE0F14161A32DA008B9D2E /* ControlSystem.cpp */; };
		E5EE0F1B161A32DB008B9D2E /* ControlSystem.h in Headers */ = {isa = PBXBuildFile; fileRef = E5EE0F15161A32DA008B9D2E /* ControlSystem.h */; };
		E5EE0F1C161A32DB008B9D2E /* MotionSystem.cpp in Sources */ = {isa = PBXBuildFile; fileRef = E5EE0F16161A32DA008B9D2E /* MotionSystem.cpp */; };
		E5EE0F1D161A32DB008B9D2E /* MotionSystem.h in Headers */ = {isa = PBXBuildFile; fileRef = E5EE0F17161A32DA008B9D2E /* MotionSystem.h */; };
		E5EE0F25161A32EF008B9D2E /* GLImmediateRenderer.cpp in Sources */ = {isa = PBXBuildFile; fileRef = E5EE0F21161A32EF008B9D2E /* GLImmediateRenderer.cpp */; };
		E5EE0F26161A32EF008B9D2E /* GLImmediateRenderer.h in Headers */ = {isa = PBXBuildFile; fileRef = E5EE0F22161A32EF008B9D2E /* GLImmediateRenderer.h */; };
/* End PBXBuildFile section */

/* Begin PBXFileReference section */
		E53C77EC161C01E3003CB7D7 /* FVMesh.cpp */ = {isa = PBXFileReference; fileEncoding = 4; lastKnownFileType = sourcecode.cpp.cpp; path = FVMesh.cpp; sourceTree = "<group>"; };
		E53C77ED161C01E3003CB7D7 /* PrimitiveFactory.cpp */ = {isa = PBXFileReference; fileEncoding = 4; lastKnownFileType = sourcecode.cpp.cpp; path = PrimitiveFactory.cpp; sourceTree = "<group>"; };
		E53C77EE161C01E3003CB7D7 /* PrimitiveFactory.h */ = {isa = PBXFileReference; fileEncoding = 4; lastKnownFileType = sourcecode.c.h; path = PrimitiveFactory.h; sourceTree = "<group>"; };
		E53C77F6161C50E6003CB7D7 /* Box6.h */ = {isa = PBXFileReference; fileEncoding = 4; lastKnownFileType = sourcecode.c.h; path = Box6.h; sourceTree = "<group>"; };
		E53C77F7161C50E6003CB7D7 /* Rect4.h */ = {isa = PBXFileReference; fileEncoding = 4; lastKnownFileType = sourcecode.c.h; path = Rect4.h; sourceTree = "<group>"; };
		E53C77F8161C50E6003CB7D7 /* typedefs.h */ = {isa = PBXFileReference; fileEncoding = 4; lastKnownFileType = sourcecode.c.h; path = typedefs.h; sourceTree = "<group>"; };
		E53C77F9161C50E6003CB7D7 /* Vec2.h */ = {isa = PBXFileReference; fileEncoding = 4; lastKnownFileType = sourcecode.c.h; path = Vec2.h; sourceTree = "<group>"; };
		E53C77FA161C50E6003CB7D7 /* Vec3.h */ = {isa = PBXFileReference; fileEncoding = 4; lastKnownFileType = sourcecode.c.h; path = Vec3.h; sourceTree = "<group>"; };
		E58E5FD81620657E00EB3F0D /* CollisionSystem.cpp */ = {isa = PBXFileReference; fileEncoding = 4; lastKnownFileType = sourcecode.cpp.cpp; path = CollisionSystem.cpp; sourceTree = "<group>"; };
		E58E5FD91620657E00EB3F0D /* CollisionSystem.h */ = {isa = PBXFileReference; fileEncoding = 4; lastKnownFileType = sourcecode.c.h; path = CollisionSystem.h; sourceTree = "<group>"; };
		E58E5FDA1620657E00EB3F0D /* RenderSystem.cpp */ = {isa = PBXFileReference; fileEncoding = 4; lastKnownFileType = sourcecode.cpp.cpp; path = RenderSystem.cpp; sourceTree = "<group>"; };
		E58E5FDB1620657E00EB3F0D /* RenderSystem.h */ = {isa = PBXFileReference; fileEncoding = 4; lastKnownFileType = sourcecode.c.h; path = RenderSystem.h; sourceTree = "<group>"; };
		E58E5FDC1620657E00EB3F0D /* UISystem.cpp */ = {isa = PBXFileReference; fileEncoding = 4; lastKnownFileType = sourcecode.cpp.cpp; path = UISystem.cpp; sourceTree = "<group>"; };
		E58E5FDD1620657E00EB3F0D /* UISystem.h */ = {isa = PBXFileReference; fileEncoding = 4; lastKnownFileType = sourcecode.c.h; path = UISystem.h; sourceTree = "<group>"; };
		E58E5FE5162065A300EB3F0D /* scene.h */ = {isa = PBXFileReference; fileEncoding = 4; lastKnownFileType = sourcecode.c.h; path = scene.h; sourceTree = "<group>"; };
		E58E5FE9162065B800EB3F0D /* BranchNode.cpp */ = {isa = PBXFileReference; fileEncoding = 4; lastKnownFileType = sourcecode.cpp.cpp; path = BranchNode.cpp; sourceTree = "<group>"; };
		E58E5FEA162065B800EB3F0D /* BranchNode.h */ = {isa = PBXFileReference; fileEncoding = 4; lastKnownFileType = sourcecode.c.h; path = BranchNode.h; sourceTree = "<group>"; };
		E58E5FEB162065B800EB3F0D /* EntityGraph.cpp */ = {isa = PBXFileReference; fileEncoding = 4; lastKnownFileType = sourcecode.cpp.cpp; path = EntityGraph.cpp; sourceTree = "<group>"; };
		E58E5FEC162065B800EB3F0D /* EntityGraph.h */ = {isa = PBXFileReference; fileEncoding = 4; lastKnownFileType = sourcecode.c.h; path = EntityGraph.h; sourceTree = "<group>"; };
		E58E5FED162065B800EB3F0D /* IGraphNode.cpp */ = {isa = PBXFileReference; fileEncoding = 4; lastKnownFileType = sourcecode.cpp.cpp; path = IGraphNode.cpp; sourceTree = "<group>"; };
		E58E5FEE162065B800EB3F0D /* IGraphNode.h */ = {isa = PBXFileReference; fileEncoding = 4; lastKnownFileType = sourcecode.c.h; path = IGraphNode.h; sourceTree = "<group>"; };
		E58E5FEF162065B800EB3F0D /* IGraphWalker.cpp */ = {isa = PBXFileReference; fileEncoding = 4; lastKnownFileType = sourcecode.cpp.cpp; path = IGraphWalker.cpp; sourceTree = "<group>"; };
		E58E5FF0162065B800EB3F0D /* IGraphWalker.h */ = {isa = PBXFileReference; fileEncoding = 4; lastKnownFileType = sourcecode.c.h; path = IGraphWalker.h; sourceTree = "<group>"; };
		E58E5FF1162065B800EB3F0D /* LambdaWalker.cpp */ = {isa = PBXFileReference; fileEncoding = 4; lastKnownFileType = sourcecode.cpp.cpp; path = LambdaWalker.cpp; sourceTree = "<group>"; };
		E58E5FF2162065B800EB3F0D /* LambdaWalker.h */ = {isa = PBXFileReference; fileEncoding = 4; lastKnownFileType = sourcecode.c.h; path = LambdaWalker.h; sourceTree = "<group>"; };
		E58E5FF3162065B800EB3F0D /* LeafNode.cpp */ = {isa = PBXFileReference; fileEncoding = 4; lastKnownFileType = sourcecode.cpp.cpp; path = LeafNode.cpp; sourceTree = "<group>"; };
		E58E5FF4162065B800EB3F0D /* LeafNode.h */ = {isa = PBXFileReference; fileEncoding = 4; lastKnownFileType = sourcecode.c.h; path = LeafNode.h; sourceTree = "<group>"; };
		E58E5FF5162065B800EB3F0D /* RootNode.cpp */ = {isa = PBXFileReference; fileEncoding = 4; lastKnownFileType = sourcecode.cpp.cpp; path = RootNode.cpp; sourceTree = "<group>"; };
		E58E5FF6162065B800EB3F0D /* RootNode.h */ = {isa = PBXFileReference; fileEncoding = 4; lastKnownFileType = sourcecode.c.h; path = RootNode.h; sourceTree = "<group>"; };
		E58E6005162065C900EB3F0D /* Engine.cpp */ = {isa = PBXFileReference; fileEncoding = 4; lastKnownFileType = sourcecode.cpp.cpp; path = Engine.cpp; sourceTree = "<group>"; };
		E58E6006162065C900EB3F0D /* Engine.h */ = {isa = PBXFileReference; fileEncoding = 4; lastKnownFileType = sourcecode.c.h; path = Engine.h; sourceTree = "<group>"; };
		E58E6009162065D400EB3F0D /* Colour4F.cpp */ = {isa = PBXFileReference; fileEncoding = 4; lastKnownFileType = sourcecode.cpp.cpp; path = Colour4F.cpp; sourceTree = "<group>"; };
		E58E600A162065D400EB3F0D /* Colour4F.h */ = {isa = PBXFileReference; fileEncoding = 4; lastKnownFileType = sourcecode.c.h; path = Colour4F.h; sourceTree = "<group>"; };
		E58E600D162065ED00EB3F0D /* IMaterial.h */ = {isa = PBXFileReference; fileEncoding = 4; lastKnownFileType = sourcecode.c.h; path = IMaterial.h; sourceTree = "<group>"; };
		E58E600E162065ED00EB3F0D /* SolidColourBrush.h */ = {isa = PBXFileReference; fileEncoding = 4; lastKnownFileType = sourcecode.c.h; path = SolidColourBrush.h; sourceTree = "<group>"; };
		E58E600F162065ED00EB3F0D /* SpriteMesh.cpp */ = {isa = PBXFileReference; fileEncoding = 4; lastKnownFileType = sourcecode.cpp.cpp; path = SpriteMesh.cpp; sourceTree = "<group>"; };
		E58E6010162065ED00EB3F0D /* SpriteMesh.h */ = {isa = PBXFileReference; fileEncoding = 4; lastKnownFileType = sourcecode.c.h; path = SpriteMesh.h; sourceTree = "<group>"; };
		E58E60151620673D00EB3F0D /* platform.h */ = {isa = PBXFileReference; fileEncoding = 4; lastKnownFileType = sourcecode.c.h; path = platform.h; sourceTree = "<group>"; };
		E58E6017162069EB00EB3F0D /* IEntity.cpp */ = {isa = PBXFileReference; fileEncoding = 4; lastKnownFileType = sourcecode.cpp.cpp; path = IEntity.cpp; sourceTree = "<group>"; };
		E58E6019162069F300EB3F0D /* EntityManagingSystemBase.cpp */ = {isa = PBXFileReference; fileEncoding = 4; lastKnownFileType = sourcecode.cpp.cpp; path = EntityManagingSystemBase.cpp; sourceTree = "<group>"; };
		E58E601A162069F300EB3F0D /* EntityManagingSystemBase.h */ = {isa = PBXFileReference; fileEncoding = 4; lastKnownFileType = sourcecode.c.h; path = EntityManagingSystemBase.h; sourceTree = "<group>"; };
		E58E601D1620B5C300EB3F0D /* ResourceManager.cpp */ = {isa = PBXFileReference; fileEncoding = 4; lastKnownFileType = sourcecode.cpp.cpp; path = ResourceManager.cpp; sourceTree = "<group>"; };
		E58E601E1620B5C300EB3F0D /* ResourceManager.h */ = {isa = PBXFileReference; fileEncoding = 4; lastKnownFileType = sourcecode.c.h; path = ResourceManager.h; sourceTree = "<group>"; };
		E59A764E16296B3D00AE0CB0 /* AABBDetector.cpp */ = {isa = PBXFileReference; fileEncoding = 4; lastKnownFileType = sourcecode.cpp.cpp; path = AABBDetector.cpp; sourceTree = "<group>"; };
		E59A764F16296B3D00AE0CB0 /* AABBDetector.h */ = {isa = PBXFileReference; fileEncoding = 4; lastKnownFileType = sourcecode.c.h; path = AABBDetector.h; sourceTree = "<group>"; };
		E59A765316296B7500AE0CB0 /* IModel.h */ = {isa = PBXFileReference; fileEncoding = 4; lastKnownFileType = sourcecode.c.h; path = IModel.h; sourceTree = "<group>"; };
		E59A765416296B7500AE0CB0 /* ITransform.h */ = {isa = PBXFileReference; fileEncoding = 4; lastKnownFileType = sourcecode.c.h; path = ITransform.h; sourceTree = "<group>"; };
		E59A765716296B7E00AE0CB0 /* OrthographicCamera.h */ = {isa = PBXFileReference; fileEncoding = 4; lastKnownFileType = sourcecode.c.h; path = OrthographicCamera.h; sourceTree = "<group>"; };
		E59A765816296B7E00AE0CB0 /* PerspectiveCamera.h */ = {isa = PBXFileReference; fileEncoding = 4; lastKnownFileType = sourcecode.c.h; path = PerspectiveCamera.h; sourceTree = "<group>"; };
		E59A765B16296B9400AE0CB0 /* Camera2D.cpp */ = {isa = PBXFileReference; fileEncoding = 4; lastKnownFileType = sourcecode.cpp.cpp; path = Camera2D.cpp; sourceTree = "<group>"; };
		E59A765C16296B9400AE0CB0 /* Camera2D.h */ = {isa = PBXFileReference; fileEncoding = 4; lastKnownFileType = sourcecode.c.h; path = Camera2D.h; sourceTree = "<group>"; };
		E59A765D16296B9400AE0CB0 /* Camera3D.cpp */ = {isa = PBXFileReference; fileEncoding = 4; lastKnownFileType = sourcecode.cpp.cpp; path = Camera3D.cpp; sourceTree = "<group>"; };
		E59A765E16296B9400AE0CB0 /* Camera3D.h */ = {isa = PBXFileReference; fileEncoding = 4; lastKnownFileType = sourcecode.c.h; path = Camera3D.h; sourceTree = "<group>"; };
		E59A765F16296B9400AE0CB0 /* DataDrivenEntity.cpp */ = {isa = PBXFileReference; fileEncoding = 4; lastKnownFileType = sourcecode.cpp.cpp; path = DataDrivenEntity.cpp; sourceTree = "<group>"; };
		E59A766016296B9400AE0CB0 /* DataDrivenEntity.h */ = {isa = PBXFileReference; fileEncoding = 4; lastKnownFileType = sourcecode.c.h; path = DataDrivenEntity.h; sourceTree = "<group>"; };
		E59A766716296B9A00AE0CB0 /* Settings.h */ = {isa = PBXFileReference; fileEncoding = 4; lastKnownFileType = sourcecode.c.h; path = Settings.h; sourceTree = "<group>"; };
		E59A766A1629700F00AE0CB0 /* msvc.h */ = {isa = PBXFileReference; lastKnownFileType = sourcecode.c.h; path = msvc.h; sourceTree = "<group>"; };
		E5A63C0E1618492B0007CDB1 /* SDLMain.h */ = {isa = PBXFileReference; fileEncoding = 4; lastKnownFileType = sourcecode.c.h; path = SDLMain.h; sourceTree = "<group>"; };
		E5A63C0F1618492B0007CDB1 /* SDLMain.m */ = {isa = PBXFileReference; fileEncoding = 4; lastKnownFileType = sourcecode.c.objc; path = SDLMain.m; sourceTree = "<group>"; };
		E5BE5C7D161863A60095BE77 /* SDLApplication.h */ = {isa = PBXFileReference; fileEncoding = 4; lastKnownFileType = sourcecode.c.h; path = SDLApplication.h; sourceTree = "<group>"; };
		E5BE5C7F161864060095BE77 /* SDLApplication.m */ = {isa = PBXFileReference; fileEncoding = 4; lastKnownFileType = sourcecode.c.objc; path = SDLApplication.m; sourceTree = "<group>"; };
		E5BE5C81161864350095BE77 /* NSString_ReplaceSubString.h */ = {isa = PBXFileReference; fileEncoding = 4; lastKnownFileType = sourcecode.c.h; path = NSString_ReplaceSubString.h; sourceTree = "<group>"; };
		E5BE5C831618671C0095BE77 /* NSApplication_SDLMissingMethods.h */ = {isa = PBXFileReference; lastKnownFileType = sourcecode.c.h; path = NSApplication_SDLMissingMethods.h; sourceTree = "<group>"; };
		E5DDE49816182B7A008179BF /* CLabel.h */ = {isa = PBXFileReference; lastKnownFileType = sourcecode.c.h; path = CLabel.h; sourceTree = "<group>"; };
		E5DDE49916182B7A008179BF /* CPhysics.h */ = {isa = PBXFileReference; lastKnownFileType = sourcecode.c.h; path = CPhysics.h; sourceTree = "<group>"; };
		E5DDE49D16182B7A008179BF /* components.h */ = {isa = PBXFileReference; lastKnownFileType = sourcecode.c.h; path = components.h; sourceTree = "<group>"; };
		E5DDE4B016182B7A008179BF /* core.h */ = {isa = PBXFileReference; lastKnownFileType = sourcecode.c.h; path = core.h; sourceTree = "<group>"; };
		E5DDE4BA16182B7A008179BF /* entities.h */ = {isa = PBXFileReference; lastKnownFileType = sourcecode.c.h; path = entities.h; sourceTree = "<group>"; };
		E5DDE4BB16182B7A008179BF /* GameState.cpp */ = {isa = PBXFileReference; lastKnownFileType = sourcecode.cpp.cpp; path = GameState.cpp; sourceTree = "<group>"; };
		E5DDE4BC16182B7A008179BF /* GameState.h */ = {isa = PBXFileReference; lastKnownFileType = sourcecode.c.h; path = GameState.h; sourceTree = "<group>"; };
		E5DDE4C716182B7A008179BF /* misc.h */ = {isa = PBXFileReference; lastKnownFileType = sourcecode.c.h; path = misc.h; sourceTree = "<group>"; };
		E5DDE4CC16182B7A008179BF /* ICollisionDetector.h */ = {isa = PBXFileReference; lastKnownFileType = sourcecode.c.h; path = ICollisionDetector.h; sourceTree = "<group>"; };
		E5DDE4CD16182B7A008179BF /* RectIntersectionDetector.cpp */ = {isa = PBXFileReference; lastKnownFileType = sourcecode.cpp.cpp; path = RectIntersectionDetector.cpp; sourceTree = "<group>"; };
		E5DDE4CE16182B7A008179BF /* RectIntersectionDetector.h */ = {isa = PBXFileReference; lastKnownFileType = sourcecode.c.h; path = RectIntersectionDetector.h; sourceTree = "<group>"; };
		E5DDE4DC16182B7A008179BF /* UISystemImpl.cpp */ = {isa = PBXFileReference; lastKnownFileType = sourcecode.cpp.cpp; path = UISystemImpl.cpp; sourceTree = "<group>"; };
		E5DDE4DD16182B7A008179BF /* UISystemImpl.h */ = {isa = PBXFileReference; lastKnownFileType = sourcecode.c.h; path = UISystemImpl.h; sourceTree = "<group>"; };
		E5DDE4DE16182B7A008179BF /* systems.h */ = {isa = PBXFileReference; lastKnownFileType = sourcecode.c.h; path = systems.h; sourceTree = "<group>"; };
		E5DDE52D1618315D008179BF /* libengine.a */ = {isa = PBXFileReference; explicitFileType = archive.ar; includeInIndex = 0; path = libengine.a; sourceTree = BUILT_PRODUCTS_DIR; };
		E5EE0E16161A3254008B9D2E /* CAcceleration.h */ = {isa = PBXFileReference; fileEncoding = 4; lastKnownFileType = sourcecode.c.h; path = CAcceleration.h; sourceTree = "<group>"; };
		E5EE0E17161A3254008B9D2E /* CBrush.h */ = {isa = PBXFileReference; fileEncoding = 4; lastKnownFileType = sourcecode.c.h; path = CBrush.h; sourceTree = "<group>"; };
		E5EE0E18161A3254008B9D2E /* CExtents.h */ = {isa = PBXFileReference; fileEncoding = 4; lastKnownFileType = sourcecode.c.h; path = CExtents.h; sourceTree = "<group>"; };
		E5EE0E19161A3254008B9D2E /* CLabel.h */ = {isa = PBXFileReference; fileEncoding = 4; lastKnownFileType = sourcecode.c.h; path = CLabel.h; sourceTree = "<group>"; };
		E5EE0E1A161A3254008B9D2E /* CMesh.h */ = {isa = PBXFileReference; fileEncoding = 4; lastKnownFileType = sourcecode.c.h; path = CMesh.h; sourceTree = "<group>"; };
		E5EE0E1B161A3254008B9D2E /* CPhysics.h */ = {isa = PBXFileReference; fileEncoding = 4; lastKnownFileType = sourcecode.c.h; path = CPhysics.h; sourceTree = "<group>"; };
		E5EE0E1C161A3254008B9D2E /* CPosition.h */ = {isa = PBXFileReference; fileEncoding = 4; lastKnownFileType = sourcecode.c.h; path = CPosition.h; sourceTree = "<group>"; };
		E5EE0E1D161A3254008B9D2E /* CVelocity.h */ = {isa = PBXFileReference; fileEncoding = 4; lastKnownFileType = sourcecode.c.h; path = CVelocity.h; sourceTree = "<group>"; };
		E5EE0ED6161A328F008B9D2E /* IComponent.h */ = {isa = PBXFileReference; fileEncoding = 4; lastKnownFileType = sourcecode.c.h; path = IComponent.h; sourceTree = "<group>"; };
		E5EE0ED7161A328F008B9D2E /* Identified.h */ = {isa = PBXFileReference; fileEncoding = 4; lastKnownFileType = sourcecode.c.h; path = Identified.h; sourceTree = "<group>"; };
		E5EE0ED8161A328F008B9D2E /* IEntity.h */ = {isa = PBXFileReference; fileEncoding = 4; lastKnownFileType = sourcecode.c.h; path = IEntity.h; sourceTree = "<group>"; };
		E5EE0ED9161A328F008B9D2E /* ISystem.cpp */ = {isa = PBXFileReference; fileEncoding = 4; lastKnownFileType = sourcecode.cpp.cpp; path = ISystem.cpp; sourceTree = "<group>"; };
		E5EE0EDA161A328F008B9D2E /* ISystem.h */ = {isa = PBXFileReference; fileEncoding = 4; lastKnownFileType = sourcecode.c.h; path = ISystem.h; sourceTree = "<group>"; };
		E5EE0EEF161A32A0008B9D2E /* DataDrivenEntity.cpp */ = {isa = PBXFileReference; fileEncoding = 4; lastKnownFileType = sourcecode.cpp.cpp; path = DataDrivenEntity.cpp; sourceTree = "<group>"; };
		E5EE0EF0161A32A0008B9D2E /* DataDrivenEntity.h */ = {isa = PBXFileReference; fileEncoding = 4; lastKnownFileType = sourcecode.c.h; path = DataDrivenEntity.h; sourceTree = "<group>"; };
		E5EE0EF5161A32AF008B9D2E /* FVMesh.h */ = {isa = PBXFileReference; fileEncoding = 4; lastKnownFileType = sourcecode.c.h; path = FVMesh.h; sourceTree = "<group>"; };
		E5EE0EF9161A32AF008B9D2E /* IRenderer.h */ = {isa = PBXFileReference; fileEncoding = 4; lastKnownFileType = sourcecode.c.h; path = IRenderer.h; sourceTree = "<group>"; };
		E5EE0F06161A32BA008B9D2E /* geometry.h */ = {isa = PBXFileReference; fileEncoding = 4; lastKnownFileType = sourcecode.c.h; path = geometry.h; sourceTree = "<group>"; };
		E5EE0F14161A32DA008B9D2E /* ControlSystem.cpp */ = {isa = PBXFileReference; fileEncoding = 4; lastKnownFileType = sourcecode.cpp.cpp; path = ControlSystem.cpp; sourceTree = "<group>"; };
		E5EE0F15161A32DA008B9D2E /* ControlSystem.h */ = {isa = PBXFileReference; fileEncoding = 4; lastKnownFileType = sourcecode.c.h; path = ControlSystem.h; sourceTree = "<group>"; };
		E5EE0F16161A32DA008B9D2E /* MotionSystem.cpp */ = {isa = PBXFileReference; fileEncoding = 4; lastKnownFileType = sourcecode.cpp.cpp; path = MotionSystem.cpp; sourceTree = "<group>"; };
		E5EE0F17161A32DA008B9D2E /* MotionSystem.h */ = {isa = PBXFileReference; fileEncoding = 4; lastKnownFileType = sourcecode.c.h; path = MotionSystem.h; sourceTree = "<group>"; };
		E5EE0F21161A32EF008B9D2E /* GLImmediateRenderer.cpp */ = {isa = PBXFileReference; fileEncoding = 4; lastKnownFileType = sourcecode.cpp.cpp; path = GLImmediateRenderer.cpp; sourceTree = "<group>"; };
		E5EE0F22161A32EF008B9D2E /* GLImmediateRenderer.h */ = {isa = PBXFileReference; fileEncoding = 4; lastKnownFileType = sourcecode.c.h; path = GLImmediateRenderer.h; sourceTree = "<group>"; };
/* End PBXFileReference section */

/* Begin PBXFrameworksBuildPhase section */
		E5DDE52A1618315D008179BF /* Frameworks */ = {
			isa = PBXFrameworksBuildPhase;
			buildActionMask = 2147483647;
			files = (
			);
			runOnlyForDeploymentPostprocessing = 0;
		};
/* End PBXFrameworksBuildPhase section */

/* Begin PBXGroup section */
		E58E5FE8162065B800EB3F0D /* scene */ = {
			isa = PBXGroup;
			children = (
				E58E5FE9162065B800EB3F0D /* BranchNode.cpp */,
				E58E5FEA162065B800EB3F0D /* BranchNode.h */,
				E58E5FEB162065B800EB3F0D /* EntityGraph.cpp */,
				E58E5FEC162065B800EB3F0D /* EntityGraph.h */,
				E58E5FED162065B800EB3F0D /* IGraphNode.cpp */,
				E58E5FEE162065B800EB3F0D /* IGraphNode.h */,
				E58E5FEF162065B800EB3F0D /* IGraphWalker.cpp */,
				E58E5FF0162065B800EB3F0D /* IGraphWalker.h */,
				E58E5FF1162065B800EB3F0D /* LambdaWalker.cpp */,
				E58E5FF2162065B800EB3F0D /* LambdaWalker.h */,
				E58E5FF3162065B800EB3F0D /* LeafNode.cpp */,
				E58E5FF4162065B800EB3F0D /* LeafNode.h */,
				E58E5FF5162065B800EB3F0D /* RootNode.cpp */,
				E58E5FF6162065B800EB3F0D /* RootNode.h */,
			);
			path = scene;
			sourceTree = "<group>";
		};
		E59A76691629700E00AE0CB0 /* windows */ = {
			isa = PBXGroup;
			children = (
				E59A766A1629700F00AE0CB0 /* msvc.h */,
			);
			path = windows;
			sourceTree = "<group>";
		};
		E5A63C09161849030007CDB1 /* mac */ = {
			isa = PBXGroup;
			children = (
				E5A63C0E1618492B0007CDB1 /* SDLMain.h */,
				E5A63C0F1618492B0007CDB1 /* SDLMain.m */,
				E5BE5C7D161863A60095BE77 /* SDLApplication.h */,
				E5BE5C7F161864060095BE77 /* SDLApplication.m */,
				E5BE5C81161864350095BE77 /* NSString_ReplaceSubString.h */,
				E5BE5C831618671C0095BE77 /* NSApplication_SDLMissingMethods.h */,
			);
			path = mac;
			sourceTree = "<group>";
		};
		E5DDE4461618242E008179BF = {
			isa = PBXGroup;
			children = (
				E5A63C09161849030007CDB1 /* mac */,
				E59A76691629700E00AE0CB0 /* windows */,
				E59A766716296B9A00AE0CB0 /* Settings.h */,
				E58E6005162065C900EB3F0D /* Engine.cpp */,
				E5DDE4BB16182B7A008179BF /* GameState.cpp */,
				E58E601D1620B5C300EB3F0D /* ResourceManager.cpp */,
				E5DDE49D16182B7A008179BF /* components.h */,
				E5DDE4B016182B7A008179BF /* core.h */,
				E58E6006162065C900EB3F0D /* Engine.h */,
				E5DDE4BA16182B7A008179BF /* entities.h */,
				E5DDE4BC16182B7A008179BF /* GameState.h */,
				E5EE0F06161A32BA008B9D2E /* geometry.h */,
				E5DDE4C716182B7A008179BF /* misc.h */,
				E58E60151620673D00EB3F0D /* platform.h */,
				E58E601E1620B5C300EB3F0D /* ResourceManager.h */,
				E58E5FE5162065A300EB3F0D /* scene.h */,
				E5DDE4DE16182B7A008179BF /* systems.h */,
				E5DDE49416182B7A008179BF /* components */,
				E5DDE49E16182B7A008179BF /* core */,
				E5DDE4B616182B7A008179BF /* entities */,
				E5EE0EF3161A32AE008B9D2E /* geometry */,
				E58E5FE8162065B800EB3F0D /* scene */,
				E5DDE4C816182B7A008179BF /* systems */,
				E5DDE4531618242E008179BF /* Frameworks */,
				E5DDE4521618242E008179BF /* Products */,
			);
			sourceTree = "<group>";
		};
		E5DDE4521618242E008179BF /* Products */ = {
			isa = PBXGroup;
			children = (
				E5DDE52D1618315D008179BF /* libengine.a */,
			);
			name = Products;
			sourceTree = "<group>";
		};
		E5DDE4531618242E008179BF /* Frameworks */ = {
			isa = PBXGroup;
			children = (
			);
			name = Frameworks;
			sourceTree = "<group>";
		};
		E5DDE49416182B7A008179BF /* components */ = {
			isa = PBXGroup;
			children = (
				E5EE0E16161A3254008B9D2E /* CAcceleration.h */,
				E5EE0E17161A3254008B9D2E /* CBrush.h */,
				E5EE0E18161A3254008B9D2E /* CExtents.h */,
				E5EE0E19161A3254008B9D2E /* CLabel.h */,
				E5EE0E1A161A3254008B9D2E /* CMesh.h */,
				E5EE0E1B161A3254008B9D2E /* CPhysics.h */,
				E5EE0E1C161A3254008B9D2E /* CPosition.h */,
				E5EE0E1D161A3254008B9D2E /* CVelocity.h */,
				E5DDE49816182B7A008179BF /* CLabel.h */,
				E5DDE49916182B7A008179BF /* CPhysics.h */,
			);
			path = components;
			sourceTree = "<group>";
		};
		E5DDE49E16182B7A008179BF /* core */ = {
			isa = PBXGroup;
			children = (
				E58E6017162069EB00EB3F0D /* IEntity.cpp */,
				E58E6009162065D400EB3F0D /* Colour4F.cpp */,
				E58E600A162065D400EB3F0D /* Colour4F.h */,
				E53C77F6161C50E6003CB7D7 /* Box6.h */,
				E53C77F7161C50E6003CB7D7 /* Rect4.h */,
				E53C77F8161C50E6003CB7D7 /* typedefs.h */,
				E53C77F9161C50E6003CB7D7 /* Vec2.h */,
				E53C77FA161C50E6003CB7D7 /* Vec3.h */,
				E5EE0ED6161A328F008B9D2E /* IComponent.h */,
				E5EE0ED7161A328F008B9D2E /* Identified.h */,
				E5EE0ED8161A328F008B9D2E /* IEntity.h */,
				E5EE0ED9161A328F008B9D2E /* ISystem.cpp */,
				E5EE0EDA161A328F008B9D2E /* ISystem.h */,
			);
			path = core;
			sourceTree = "<group>";
		};
		E5DDE4B616182B7A008179BF /* entities */ = {
			isa = PBXGroup;
			children = (
				E59A765B16296B9400AE0CB0 /* Camera2D.cpp */,
				E59A765C16296B9400AE0CB0 /* Camera2D.h */,
				E59A765D16296B9400AE0CB0 /* Camera3D.cpp */,
				E59A765E16296B9400AE0CB0 /* Camera3D.h */,
				E59A765F16296B9400AE0CB0 /* DataDrivenEntity.cpp */,
				E59A766016296B9400AE0CB0 /* DataDrivenEntity.h */,
				E5EE0EEF161A32A0008B9D2E /* DataDrivenEntity.cpp */,
				E5EE0EF0161A32A0008B9D2E /* DataDrivenEntity.h */,
			);
			path = entities;
			sourceTree = "<group>";
		};
		E5DDE4C816182B7A008179BF /* systems */ = {
			isa = PBXGroup;
			children = (
				E58E6019162069F300EB3F0D /* EntityManagingSystemBase.cpp */,
				E58E601A162069F300EB3F0D /* EntityManagingSystemBase.h */,
				E58E5FD81620657E00EB3F0D /* CollisionSystem.cpp */,
				E58E5FD91620657E00EB3F0D /* CollisionSystem.h */,
				E5DDE4C916182B7A008179BF /* collision */,
				E58E5FDA1620657E00EB3F0D /* RenderSystem.cpp */,
				E58E5FDB1620657E00EB3F0D /* RenderSystem.h */,
				E5EE0F20161A32EF008B9D2E /* render */,
				E58E5FDC1620657E00EB3F0D /* UISystem.cpp */,
				E58E5FDD1620657E00EB3F0D /* UISystem.h */,
				E5DDE4D916182B7A008179BF /* ui */,
				E5EE0F14161A32DA008B9D2E /* ControlSystem.cpp */,
				E5EE0F15161A32DA008B9D2E /* ControlSystem.h */,
				E5EE0F16161A32DA008B9D2E /* MotionSystem.cpp */,
				E5EE0F17161A32DA008B9D2E /* MotionSystem.h */,
			);
			path = systems;
			sourceTree = "<group>";
		};
		E5DDE4C916182B7A008179BF /* collision */ = {
			isa = PBXGroup;
			children = (
				E59A764E16296B3D00AE0CB0 /* AABBDetector.cpp */,
				E59A764F16296B3D00AE0CB0 /* AABBDetector.h */,
				E5DDE4CC16182B7A008179BF /* ICollisionDetector.h */,
				E5DDE4CD16182B7A008179BF /* RectIntersectionDetector.cpp */,
				E5DDE4CE16182B7A008179BF /* RectIntersectionDetector.h */,
			);
			path = collision;
			sourceTree = "<group>";
		};
		E5DDE4D916182B7A008179BF /* ui */ = {
			isa = PBXGroup;
			children = (
				E5DDE4DC16182B7A008179BF /* UISystemImpl.cpp */,
				E5DDE4DD16182B7A008179BF /* UISystemImpl.h */,
			);
			path = ui;
			sourceTree = "<group>";
		};
		E5EE0EF3161A32AE008B9D2E /* geometry */ = {
			isa = PBXGroup;
			children = (
				E59A765716296B7E00AE0CB0 /* OrthographicCamera.h */,
				E59A765816296B7E00AE0CB0 /* PerspectiveCamera.h */,
				E59A765316296B7500AE0CB0 /* IModel.h */,
				E59A765416296B7500AE0CB0 /* ITransform.h */,
				E58E600D162065ED00EB3F0D /* IMaterial.h */,
				E58E600E162065ED00EB3F0D /* SolidColourBrush.h */,
				E58E600F162065ED00EB3F0D /* SpriteMesh.cpp */,
				E58E6010162065ED00EB3F0D /* SpriteMesh.h */,
				E53C77EC161C01E3003CB7D7 /* FVMesh.cpp */,
				E53C77ED161C01E3003CB7D7 /* PrimitiveFactory.cpp */,
				E53C77EE161C01E3003CB7D7 /* PrimitiveFactory.h */,
				E5EE0EF5161A32AF008B9D2E /* FVMesh.h */,
				E5EE0EF9161A32AF008B9D2E /* IRenderer.h */,
			);
			path = geometry;
			sourceTree = "<group>";
		};
		E5EE0F20161A32EF008B9D2E /* render */ = {
			isa = PBXGroup;
			children = (
				E5EE0F21161A32EF008B9D2E /* GLImmediateRenderer.cpp */,
				E5EE0F22161A32EF008B9D2E /* GLImmediateRenderer.h */,
			);
			path = render;
			sourceTree = "<group>";
		};
/* End PBXGroup section */

/* Begin PBXHeadersBuildPhase section */
		E5DDE52B1618315D008179BF /* Headers */ = {
			isa = PBXHeadersBuildPhase;
			buildActionMask = 2147483647;
			files = (
				E5BE5C7E161863A60095BE77 /* SDLApplication.h in Headers */,
				E5BE5C82161864350095BE77 /* NSString_ReplaceSubString.h in Headers */,
				E5EE0E1E161A3254008B9D2E /* CAcceleration.h in Headers */,
				E5EE0E1F161A3254008B9D2E /* CBrush.h in Headers */,
				E5EE0E20161A3254008B9D2E /* CExtents.h in Headers */,
				E5EE0E21161A3254008B9D2E /* CLabel.h in Headers */,
				E5EE0E22161A3254008B9D2E /* CMesh.h in Headers */,
				E5EE0E23161A3254008B9D2E /* CPhysics.h in Headers */,
				E5EE0E24161A3254008B9D2E /* CPosition.h in Headers */,
				E5EE0E25161A3254008B9D2E /* CVelocity.h in Headers */,
				E5EE0EE4161A328F008B9D2E /* IComponent.h in Headers */,
				E5EE0EE5161A328F008B9D2E /* Identified.h in Headers */,
				E5EE0EE6161A328F008B9D2E /* IEntity.h in Headers */,
				E5EE0EE8161A328F008B9D2E /* ISystem.h in Headers */,
				E5EE0EF2161A32A0008B9D2E /* DataDrivenEntity.h in Headers */,
				E5EE0EFE161A32AF008B9D2E /* FVMesh.h in Headers */,
				E5EE0F02161A32AF008B9D2E /* IRenderer.h in Headers */,
				E5EE0F07161A32BA008B9D2E /* geometry.h in Headers */,
				E5EE0F1B161A32DB008B9D2E /* ControlSystem.h in Headers */,
				E5EE0F1D161A32DB008B9D2E /* MotionSystem.h in Headers */,
				E5EE0F26161A32EF008B9D2E /* GLImmediateRenderer.h in Headers */,
				E53C77F3161C01E3003CB7D7 /* PrimitiveFactory.h in Headers */,
				E53C77FB161C50E6003CB7D7 /* Box6.h in Headers */,
				E53C77FC161C50E6003CB7D7 /* Rect4.h in Headers */,
				E53C77FD161C50E6003CB7D7 /* typedefs.h in Headers */,
				E53C77FE161C50E6003CB7D7 /* Vec2.h in Headers */,
				E53C77FF161C50E6003CB7D7 /* Vec3.h in Headers */,
				E58E5FDF1620657E00EB3F0D /* CollisionSystem.h in Headers */,
				E58E5FE11620657E00EB3F0D /* RenderSystem.h in Headers */,
				E58E5FE31620657E00EB3F0D /* UISystem.h in Headers */,
				E58E5FE6162065A300EB3F0D /* scene.h in Headers */,
				E58E5FF8162065B800EB3F0D /* BranchNode.h in Headers */,
				E58E5FFA162065B800EB3F0D /* EntityGraph.h in Headers */,
				E58E5FFC162065B800EB3F0D /* IGraphNode.h in Headers */,
				E58E5FFE162065B800EB3F0D /* IGraphWalker.h in Headers */,
				E58E6000162065B800EB3F0D /* LambdaWalker.h in Headers */,
				E58E6002162065B800EB3F0D /* LeafNode.h in Headers */,
				E58E6004162065B800EB3F0D /* RootNode.h in Headers */,
				E58E6008162065C900EB3F0D /* Engine.h in Headers */,
				E58E600C162065D400EB3F0D /* Colour4F.h in Headers */,
				E58E6011162065ED00EB3F0D /* IMaterial.h in Headers */,
				E58E6012162065ED00EB3F0D /* SolidColourBrush.h in Headers */,
				E58E6014162065ED00EB3F0D /* SpriteMesh.h in Headers */,
				E58E60161620673D00EB3F0D /* platform.h in Headers */,
				E58E601C162069F300EB3F0D /* EntityManagingSystemBase.h in Headers */,
				E58E60201620B5C300EB3F0D /* ResourceManager.h in Headers */,
				E59A765116296B3D00AE0CB0 /* AABBDetector.h in Headers */,
				E59A765516296B7500AE0CB0 /* IModel.h in Headers */,
				E59A765616296B7500AE0CB0 /* ITransform.h in Headers */,
				E59A765916296B7E00AE0CB0 /* OrthographicCamera.h in Headers */,
				E59A765A16296B7E00AE0CB0 /* PerspectiveCamera.h in Headers */,
				E59A766216296B9400AE0CB0 /* Camera2D.h in Headers */,
				E59A766416296B9400AE0CB0 /* Camera3D.h in Headers */,
				E59A766616296B9400AE0CB0 /* DataDrivenEntity.h in Headers */,
				E59A766816296B9B00AE0CB0 /* Settings.h in Headers */,
			);
			runOnlyForDeploymentPostprocessing = 0;
		};
/* End PBXHeadersBuildPhase section */

/* Begin PBXNativeTarget section */
		E5DDE52C1618315D008179BF /* engine */ = {
			isa = PBXNativeTarget;
			buildConfigurationList = E5DDE52E1618315E008179BF /* Build configuration list for PBXNativeTarget "engine" */;
			buildPhases = (
				E5DDE5291618315D008179BF /* Sources */,
				E5DDE52A1618315D008179BF /* Frameworks */,
				E5DDE52B1618315D008179BF /* Headers */,
			);
			buildRules = (
			);
			dependencies = (
			);
			name = engine;
			productName = engine;
			productReference = E5DDE52D1618315D008179BF /* libengine.a */;
			productType = "com.apple.product-type.library.static";
		};
/* End PBXNativeTarget section */

/* Begin PBXProject section */
		E5DDE4481618242E008179BF /* Project object */ = {
			isa = PBXProject;
			attributes = {
				LastUpgradeCheck = 0450;
				ORGANIZATIONNAME = "Thomas Castiglione";
			};
			buildConfigurationList = E5DDE44B1618242E008179BF /* Build configuration list for PBXProject "engine" */;
			compatibilityVersion = "Xcode 3.2";
			developmentRegion = English;
			hasScannedForEncodings = 0;
			knownRegions = (
				en,
			);
			mainGroup = E5DDE4461618242E008179BF;
			productRefGroup = E5DDE4521618242E008179BF /* Products */;
			projectDirPath = "";
			projectRoot = "";
			targets = (
				E5DDE52C1618315D008179BF /* engine */,
			);
		};
/* End PBXProject section */

/* Begin PBXSourcesBuildPhase section */
		E5DDE5291618315D008179BF /* Sources */ = {
			isa = PBXSourcesBuildPhase;
			buildActionMask = 2147483647;
			files = (
				E5DDE53A16183230008179BF /* GameState.cpp in Sources */,
				E5DDE54216183230008179BF /* UISystemImpl.cpp in Sources */,
				E5BE5C7C161862440095BE77 /* RectIntersectionDetector.cpp in Sources */,
				E5A63C111618492B0007CDB1 /* SDLMain.m in Sources */,
				E5BE5C80161864060095BE77 /* SDLApplication.m in Sources */,
				E5EE0EE7161A328F008B9D2E /* ISystem.cpp in Sources */,
				E5EE0EF1161A32A0008B9D2E /* DataDrivenEntity.cpp in Sources */,
				E5EE0F1A161A32DB008B9D2E /* ControlSystem.cpp in Sources */,
				E5EE0F1C161A32DB008B9D2E /* MotionSystem.cpp in Sources */,
				E5EE0F25161A32EF008B9D2E /* GLImmediateRenderer.cpp in Sources */,
				E53C77F1161C01E3003CB7D7 /* FVMesh.cpp in Sources */,
				E53C77F2161C01E3003CB7D7 /* PrimitiveFactory.cpp in Sources */,
				E58E5FDE1620657E00EB3F0D /* CollisionSystem.cpp in Sources */,
				E58E5FE01620657E00EB3F0D /* RenderSystem.cpp in Sources */,
				E58E5FE21620657E00EB3F0D /* UISystem.cpp in Sources */,
				E58E5FF7162065B800EB3F0D /* BranchNode.cpp in Sources */,
				E58E5FF9162065B800EB3F0D /* EntityGraph.cpp in Sources */,
				E58E5FFB162065B800EB3F0D /* IGraphNode.cpp in Sources */,
				E58E5FFD162065B800EB3F0D /* IGraphWalker.cpp in Sources */,
				E58E5FFF162065B800EB3F0D /* LambdaWalker.cpp in Sources */,
				E58E6001162065B800EB3F0D /* LeafNode.cpp in Sources */,
				E58E6003162065B800EB3F0D /* RootNode.cpp in Sources */,
				E58E6007162065C900EB3F0D /* Engine.cpp in Sources */,
				E58E600B162065D400EB3F0D /* Colour4F.cpp in Sources */,
				E58E6013162065ED00EB3F0D /* SpriteMesh.cpp in Sources */,
				E58E6018162069EB00EB3F0D /* IEntity.cpp in Sources */,
				E58E601B162069F300EB3F0D /* EntityManagingSystemBase.cpp in Sources */,
				E58E601F1620B5C300EB3F0D /* ResourceManager.cpp in Sources */,
				E59A765016296B3D00AE0CB0 /* AABBDetector.cpp in Sources */,
				E59A766116296B9400AE0CB0 /* Camera2D.cpp in Sources */,
				E59A766316296B9400AE0CB0 /* Camera3D.cpp in Sources */,
				E59A766516296B9400AE0CB0 /* DataDrivenEntity.cpp in Sources */,
			);
			runOnlyForDeploymentPostprocessing = 0;
		};
/* End PBXSourcesBuildPhase section */

/* Begin XCBuildConfiguration section */
		E5DDE4631618242E008179BF /* Debug */ = {
			isa = XCBuildConfiguration;
			buildSettings = {
				ALWAYS_SEARCH_USER_PATHS = NO;
				ARCHS = "$(ARCHS_STANDARD_32_64_BIT)";
				CLANG_CXX_LANGUAGE_STANDARD = "c++0x";
				CLANG_CXX_LIBRARY = "libc++";
				CLANG_WARN_EMPTY_BODY = YES;
				CLANG_WARN__DUPLICATE_METHOD_MATCH = YES;
				COPY_PHASE_STRIP = NO;
				GCC_C_LANGUAGE_STANDARD = c99;
				GCC_DYNAMIC_NO_PIC = NO;
				GCC_ENABLE_OBJC_EXCEPTIONS = YES;
				GCC_OPTIMIZATION_LEVEL = 0;
				GCC_PREPROCESSOR_DEFINITIONS = (
					"DEBUG=1",
					"$(inherited)",
					_DEBUG,
				);
				GCC_SYMBOLS_PRIVATE_EXTERN = NO;
				GCC_WARN_64_TO_32_BIT_CONVERSION = YES;
				GCC_WARN_ABOUT_RETURN_TYPE = YES;
				GCC_WARN_NON_VIRTUAL_DESTRUCTOR = YES;
				GCC_WARN_UNINITIALIZED_AUTOS = YES;
				GCC_WARN_UNUSED_VARIABLE = YES;
				HEADER_SEARCH_PATHS = (
					/Library/Frameworks/SDL.framework/Headers,
					..,
					/Users/banana/Documents/Programming/boost_1_51_0,
				);
				MACOSX_DEPLOYMENT_TARGET = 10.7;
				ONLY_ACTIVE_ARCH = YES;
				OTHER_CPLUSPLUSFLAGS = (
					"$(OTHER_CFLAGS)",
					"-wlambda-extensions",
				);
				SDKROOT = macosx10.7;
			};
			name = Debug;
		};
		E5DDE4641618242E008179BF /* Release */ = {
			isa = XCBuildConfiguration;
			buildSettings = {
				ALWAYS_SEARCH_USER_PATHS = NO;
				ARCHS = "$(ARCHS_STANDARD_32_64_BIT)";
				CLANG_CXX_LANGUAGE_STANDARD = "c++0x";
				CLANG_CXX_LIBRARY = "libc++";
				CLANG_WARN_EMPTY_BODY = YES;
				CLANG_WARN__DUPLICATE_METHOD_MATCH = YES;
				COPY_PHASE_STRIP = YES;
				DEBUG_INFORMATION_FORMAT = "dwarf-with-dsym";
				GCC_C_LANGUAGE_STANDARD = c99;
				GCC_ENABLE_OBJC_EXCEPTIONS = YES;
				GCC_WARN_64_TO_32_BIT_CONVERSION = YES;
				GCC_WARN_ABOUT_RETURN_TYPE = YES;
				GCC_WARN_NON_VIRTUAL_DESTRUCTOR = YES;
				GCC_WARN_UNINITIALIZED_AUTOS = YES;
				GCC_WARN_UNUSED_VARIABLE = YES;
				HEADER_SEARCH_PATHS = (
					/Library/Frameworks/SDL.framework/Headers,
					..,
					/Users/banana/Documents/Programming/boost_1_51_0,
				);
				MACOSX_DEPLOYMENT_TARGET = 10.7;
				ONLY_ACTIVE_ARCH = NO;
				OTHER_CPLUSPLUSFLAGS = (
					"$(OTHER_CFLAGS)",
					"-wlambda-extensions",
				);
				SDKROOT = macosx10.7;
			};
			name = Release;
		};
		E5DDE52F1618315E008179BF /* Debug */ = {
			isa = XCBuildConfiguration;
			buildSettings = {
				EXECUTABLE_PREFIX = lib;
				LIBRARY_SEARCH_PATHS = (
					"$(inherited)",
					"\"$(SRCROOT)/../../../../Library/Developer/Xcode/DerivedData/musaceae-hecnohonuvgithbcbvbdfikvclay/Build/Products/Debug\"",
				);
				OTHER_LDFLAGS = (
					"-ObjC",
					"-all_load",
				);
				PRODUCT_NAME = "$(TARGET_NAME)";
			};
			name = Debug;
		};
		E5DDE5301618315E008179BF /* Release */ = {
			isa = XCBuildConfiguration;
			buildSettings = {
				EXECUTABLE_PREFIX = lib;
				LIBRARY_SEARCH_PATHS = (
					"$(inherited)",
					"\"$(SRCROOT)/../../../../Library/Developer/Xcode/DerivedData/musaceae-hecnohonuvgithbcbvbdfikvclay/Build/Products/Debug\"",
				);
				OTHER_LDFLAGS = (
					"-ObjC",
					"-all_load",
				);
				PRODUCT_NAME = "$(TARGET_NAME)";
			};
			name = Release;
		};
/* End XCBuildConfiguration section */

/* Begin XCConfigurationList section */
		E5DDE44B1618242E008179BF /* Build configuration list for PBXProject "engine" */ = {
			isa = XCConfigurationList;
			buildConfigurations = (
				E5DDE4631618242E008179BF /* Debug */,
				E5DDE4641618242E008179BF /* Release */,
			);
			defaultConfigurationIsVisible = 0;
			defaultConfigurationName = Release;
		};
		E5DDE52E1618315E008179BF /* Build configuration list for PBXNativeTarget "engine" */ = {
			isa = XCConfigurationList;
			buildConfigurations = (
				E5DDE52F1618315E008179BF /* Debug */,
				E5DDE5301618315E008179BF /* Release */,
			);
			defaultConfigurationIsVisible = 0;
			defaultConfigurationName = Release;
		};
/* End XCConfigurationList section */
	};
	rootObject = E5DDE4481618242E008179BF /* Project object */;
}
