<?xml version="1.0" encoding="utf-8"?>
<Project ToolsVersion="4.0" xmlns="http://schemas.microsoft.com/developer/msbuild/2003">
  <ItemGroup>
    <ClCompile Include="archetypes\Camera2D.cpp" />
    <ClCompile Include="archetypes\Camera3D.cpp" />
    <ClCompile Include="components\CTransform.cpp" />
    <ClCompile Include="geometry\FVMesh.cpp" />
    <ClCompile Include="geometry\PrimitiveFactory.cpp" />
    <ClCompile Include="geometry\SpriteMesh.cpp" />
    <ClCompile Include="systems\collision\AABBDetector.cpp" />
    <ClCompile Include="systems\collision\RectIntersectionDetector.cpp" />
    <ClCompile Include="systems\render\scene\LambdaWalker.cpp" />
    <ClCompile Include="systems\render\scene\SceneGraph.cpp" />
    <ClCompile Include="systems\render\GLImmediateRenderer.cpp" />
    <ClCompile Include="systems\ui\UISystemImpl.cpp" />
    <ClCompile Include="systems\CollisionSystem.cpp" />
    <ClCompile Include="systems\MotionSystem.cpp" />
    <ClCompile Include="systems\RenderSystem.cpp" />
    <ClCompile Include="systems\UISystem.cpp" />
    <ClCompile Include="stdafx.cpp" />
    <ClCompile Include="types\box6.cpp" />
    <ClCompile Include="types\constants.cpp" />
    <ClCompile Include="types\to_string.cpp" />
    <ClCompile Include="ResourceManager.cpp" />
  </ItemGroup>
  <ItemGroup>
    <ClInclude Include="archetypes\Camera2D.h" />
    <ClInclude Include="archetypes\Camera3D.h" />
    <ClInclude Include="archetypes.h" />
    <ClInclude Include="components.h" />
    <ClInclude Include="geometry.h" />
    <ClInclude Include="systems.h" />
    <ClInclude Include="components\CAcceleration.h" />
    <ClInclude Include="components\CInput.h" />
    <ClInclude Include="components\CLabel.h" />
    <ClInclude Include="components\CPhysics.h" />
    <ClInclude Include="components\CRenderable.h" />
    <ClInclude Include="components\CTransform.h" />
    <ClInclude Include="components\CVelocity.h" />
    <ClInclude Include="geometry\FVMesh.h" />
    <ClInclude Include="geometry\IMaterial.h" />
    <ClInclude Include="geometry\IRenderable.h" />
    <ClInclude Include="geometry\IRenderer.h" />
    <ClInclude Include="geometry\OrthographicCamera.h" />
    <ClInclude Include="geometry\PerspectiveCamera.h" />
    <ClInclude Include="geometry\PrimitiveFactory.h" />
    <ClInclude Include="geometry\ScaleMethod.h" />
    <ClInclude Include="geometry\SolidColourBrush.h" />
    <ClInclude Include="geometry\SpriteMesh.h" />
    <ClInclude Include="systems\collision\AABBDetector.h" />
    <ClInclude Include="systems\collision\ICollisionDetector.h" />
    <ClInclude Include="systems\collision\RectIntersectionDetector.h" />
    <ClInclude Include="systems\render\scene\BranchNode.h" />
    <ClInclude Include="systems\render\scene\IGraphNode.h" />
    <ClInclude Include="systems\render\scene\IGraphWalker.h" />
    <ClInclude Include="systems\render\scene\LambdaWalker.h" />
    <ClInclude Include="systems\render\scene\LeafNode.h" />
    <ClInclude Include="systems\render\scene\RootNode.h" />
    <ClInclude Include="systems\render\scene\SceneGraph.h" />
    <ClInclude Include="systems\render\GLImmediateRenderer.h" />
    <ClInclude Include="systems\render\scene.h" />
    <ClInclude Include="systems\ui\UISystemImpl.h" />
    <ClInclude Include="systems\CollisionSystem.h" />
    <ClInclude Include="systems\MotionSystem.h" />
    <ClInclude Include="systems\RenderSystem.h" />
    <ClInclude Include="systems\UISystem.h" />
    <ClInclude Include="stdafx.h" />
    <ClInclude Include="types\box6.h" />
    <ClInclude Include="types\constants.h" />
    <ClInclude Include="types\rect4.h" />
    <ClInclude Include="types\to_string.h" />
    <ClInclude Include="types\typedefs.h" />
    <ClInclude Include="types.h" />
    <ClInclude Include="ResourceManager.h" />
  </ItemGroup>
</Project>